// !$*UTF8*$!
{
	archiveVersion = 1;
	classes = {
	};
	objectVersion = 56;
	objects = {

/* Begin PBXBuildFile section */
		0A8D490D3815250A7983C907 /* Pods_Tracker.framework in Frameworks */ = {isa = PBXBuildFile; fileRef = 1C238FF9AF35FA6137E4561E /* Pods_Tracker.framework */; };
		2521AE962A1F7B41004B50D7 /* StorageManager.swift in Sources */ = {isa = PBXBuildFile; fileRef = 2521AE952A1F7B41004B50D7 /* StorageManager.swift */; };
		2521AEBE2A1FE144004B50D7 /* Localizable.strings in Resources */ = {isa = PBXBuildFile; fileRef = 2521AEC02A1FE144004B50D7 /* Localizable.strings */; };
		2521AEC32A20DAC7004B50D7 /* Localizable.stringsdict in Resources */ = {isa = PBXBuildFile; fileRef = 2521AEC52A20DAC7004B50D7 /* Localizable.stringsdict */; };
		253FAC1D2A1901E700F68DF2 /* AddCategoryViewModel.swift in Sources */ = {isa = PBXBuildFile; fileRef = 253FAC1C2A1901E700F68DF2 /* AddCategoryViewModel.swift */; };
		253FAC1F2A1BA5C000F68DF2 /* Extension + UIViewController.swift in Sources */ = {isa = PBXBuildFile; fileRef = 253FAC1E2A1BA5C000F68DF2 /* Extension + UIViewController.swift */; };
		25411F3929EEC20F00B69950 /* AddNewTrackerCellDelegate.swift in Sources */ = {isa = PBXBuildFile; fileRef = 25411F3829EEC20F00B69950 /* AddNewTrackerCellDelegate.swift */; };
		25411F8C29FA788B00B69950 /* Tracker.xcdatamodeld in Sources */ = {isa = PBXBuildFile; fileRef = 25411F8A29FA788B00B69950 /* Tracker.xcdatamodeld */; };
		25411F8E29FA7A3A00B69950 /* TrackerStore.swift in Sources */ = {isa = PBXBuildFile; fileRef = 25411F8D29FA7A3A00B69950 /* TrackerStore.swift */; };
		25411F9029FA7AE300B69950 /* TrackerCategoryStore.swift in Sources */ = {isa = PBXBuildFile; fileRef = 25411F8F29FA7AE300B69950 /* TrackerCategoryStore.swift */; };
		25411F9229FA7B4B00B69950 /* UIColorMarshalling.swift in Sources */ = {isa = PBXBuildFile; fileRef = 25411F9129FA7B4B00B69950 /* UIColorMarshalling.swift */; };
		25411F9629FACE7700B69950 /* TrackerStoreProtocol.swift in Sources */ = {isa = PBXBuildFile; fileRef = 25411F9529FACE7700B69950 /* TrackerStoreProtocol.swift */; };
		25411F9829FACF0F00B69950 /* CoreDataManager.swift in Sources */ = {isa = PBXBuildFile; fileRef = 25411F9729FACF0F00B69950 /* CoreDataManager.swift */; };
		25411F9A29FC169A00B69950 /* TrackerStoreDelegate.swift in Sources */ = {isa = PBXBuildFile; fileRef = 25411F9929FC169A00B69950 /* TrackerStoreDelegate.swift */; };
		25411F9C2A0128D100B69950 /* TrackerRecordStore.swift in Sources */ = {isa = PBXBuildFile; fileRef = 25411F9B2A0128D100B69950 /* TrackerRecordStore.swift */; };
		25411F9E2A012AC400B69950 /* TrackerRecordsStoreProtocol.swift in Sources */ = {isa = PBXBuildFile; fileRef = 25411F9D2A012AC400B69950 /* TrackerRecordsStoreProtocol.swift */; };
		25411FA02A01899600B69950 /* Extension + Date.swift in Sources */ = {isa = PBXBuildFile; fileRef = 25411F9F2A01899600B69950 /* Extension + Date.swift */; };
		25411FA22A01AD0000B69950 /* TrackerCategoryStoreProtocol.swift in Sources */ = {isa = PBXBuildFile; fileRef = 25411FA12A01AD0000B69950 /* TrackerCategoryStoreProtocol.swift */; };
		25411FD02A124A8800B69950 /* OnboardingSinglePageController.swift in Sources */ = {isa = PBXBuildFile; fileRef = 25411FCF2A124A8800B69950 /* OnboardingSinglePageController.swift */; };
		25411FD22A12515400B69950 /* CustomViewController.swift in Sources */ = {isa = PBXBuildFile; fileRef = 25411FD12A12515400B69950 /* CustomViewController.swift */; };
		25411FF62A13C6A900B69950 /* СategoryCell.swift in Sources */ = {isa = PBXBuildFile; fileRef = 25411FF52A13C6A800B69950 /* СategoryCell.swift */; };
		25411FF82A1536FA00B69950 /* TrackerCategoryStoreDelegate.swift in Sources */ = {isa = PBXBuildFile; fileRef = 25411FF72A1536FA00B69950 /* TrackerCategoryStoreDelegate.swift */; };
		254AD8E129E31E7B0061B7B7 /* WeekDay.swift in Sources */ = {isa = PBXBuildFile; fileRef = 254AD8E029E31E7B0061B7B7 /* WeekDay.swift */; };
		255B093D29D1E00E00A599E3 /* AppDelegate.swift in Sources */ = {isa = PBXBuildFile; fileRef = 255B093C29D1E00E00A599E3 /* AppDelegate.swift */; };
		255B093F29D1E00E00A599E3 /* SceneDelegate.swift in Sources */ = {isa = PBXBuildFile; fileRef = 255B093E29D1E00E00A599E3 /* SceneDelegate.swift */; };
		255B094629D1E00F00A599E3 /* Assets.xcassets in Resources */ = {isa = PBXBuildFile; fileRef = 255B094529D1E00F00A599E3 /* Assets.xcassets */; };
		255B094929D1E00F00A599E3 /* LaunchScreen.storyboard in Resources */ = {isa = PBXBuildFile; fileRef = 255B094729D1E00F00A599E3 /* LaunchScreen.storyboard */; };
		255B095729D3307500A599E3 /* Extension + UIColor.swift in Sources */ = {isa = PBXBuildFile; fileRef = 255B095629D3307500A599E3 /* Extension + UIColor.swift */; };
		255B095E29D3391A00A599E3 /* TabBarController.swift in Sources */ = {isa = PBXBuildFile; fileRef = 255B095D29D3391A00A599E3 /* TabBarController.swift */; };
		255B096029D339F500A599E3 /* ListTrackersViewController.swift in Sources */ = {isa = PBXBuildFile; fileRef = 255B095F29D339F500A599E3 /* ListTrackersViewController.swift */; };
		255B096229D33B4900A599E3 /* StatisticsViewController.swift in Sources */ = {isa = PBXBuildFile; fileRef = 255B096129D33B4900A599E3 /* StatisticsViewController.swift */; };
		255B096829D34C5D00A599E3 /* Extension + UIFonts.swift in Sources */ = {isa = PBXBuildFile; fileRef = 255B096729D34C5D00A599E3 /* Extension + UIFonts.swift */; };
		255B096A29D4472C00A599E3 /* Constants.swift in Sources */ = {isa = PBXBuildFile; fileRef = 255B096929D4472C00A599E3 /* Constants.swift */; };
		255B096C29D4841200A599E3 /* TrackerCell.swift in Sources */ = {isa = PBXBuildFile; fileRef = 255B096B29D4841200A599E3 /* TrackerCell.swift */; };
		255B096E29D597B600A599E3 /* HeaderSectionView.swift in Sources */ = {isa = PBXBuildFile; fileRef = 255B096D29D597B600A599E3 /* HeaderSectionView.swift */; };
		255B097029D59F1500A599E3 /* GeometricParams.swift in Sources */ = {isa = PBXBuildFile; fileRef = 255B096F29D59F1500A599E3 /* GeometricParams.swift */; };
		255B097829D5BC7C00A599E3 /* CreateTrackerViewController.swift in Sources */ = {isa = PBXBuildFile; fileRef = 255B097729D5BC7C00A599E3 /* CreateTrackerViewController.swift */; };
		255B097A29D5BD1800A599E3 /* CustomButton.swift in Sources */ = {isa = PBXBuildFile; fileRef = 255B097929D5BD1800A599E3 /* CustomButton.swift */; };
		256E015C29D7557600E2A413 /* AddCategoryViewController.swift in Sources */ = {isa = PBXBuildFile; fileRef = 256E015B29D7557600E2A413 /* AddCategoryViewController.swift */; };
		256E015E29D7581D00E2A413 /* DefaultStackView.swift in Sources */ = {isa = PBXBuildFile; fileRef = 256E015D29D7581D00E2A413 /* DefaultStackView.swift */; };
		256E016529D7844100E2A413 /* AddNewCategoryViewController.swift in Sources */ = {isa = PBXBuildFile; fileRef = 256E016429D7844100E2A413 /* AddNewCategoryViewController.swift */; };
		256E016729D785A300E2A413 /* CustomTextField.swift in Sources */ = {isa = PBXBuildFile; fileRef = 256E016629D785A300E2A413 /* CustomTextField.swift */; };
		256E016929D9BDB500E2A413 /* AddScheduleViewController.swift in Sources */ = {isa = PBXBuildFile; fileRef = 256E016829D9BDB500E2A413 /* AddScheduleViewController.swift */; };
		256E016C29D9F84900E2A413 /* Tracker.swift in Sources */ = {isa = PBXBuildFile; fileRef = 256E016B29D9F84900E2A413 /* Tracker.swift */; };
		256E017029D9F9BF00E2A413 /* TrackerCategory.swift in Sources */ = {isa = PBXBuildFile; fileRef = 256E016F29D9F9BF00E2A413 /* TrackerCategory.swift */; };
		256E017229D9FA4900E2A413 /* TrackerRecord.swift in Sources */ = {isa = PBXBuildFile; fileRef = 256E017129D9FA4900E2A413 /* TrackerRecord.swift */; };
		256E017D29DEED7A00E2A413 /* AddNewTrackerViewController.swift in Sources */ = {isa = PBXBuildFile; fileRef = 256E017C29DEED7A00E2A413 /* AddNewTrackerViewController.swift */; };
		256E017F29DF613500E2A413 /* UpdateSubtitleDelegate.swift in Sources */ = {isa = PBXBuildFile; fileRef = 256E017E29DF613500E2A413 /* UpdateSubtitleDelegate.swift */; };
		256E018129DF635E00E2A413 /* ListTrackersViewControllerDelegate.swift in Sources */ = {isa = PBXBuildFile; fileRef = 256E018029DF635E00E2A413 /* ListTrackersViewControllerDelegate.swift */; };
		25CC28EB2A260B69000E459B /* TrackerCellDelegate.swift in Sources */ = {isa = PBXBuildFile; fileRef = 25CC28EA2A260B69000E459B /* TrackerCellDelegate.swift */; };
		25CC28ED2A276614000E459B /* CustomCounterButton.swift in Sources */ = {isa = PBXBuildFile; fileRef = 25CC28EC2A276614000E459B /* CustomCounterButton.swift */; };
		25CC28F52A2BB947000E459B /* TrackerTests.swift in Sources */ = {isa = PBXBuildFile; fileRef = 25CC28F42A2BB947000E459B /* TrackerTests.swift */; };
		25CC28FD2A2BB960000E459B /* SnapshotTesting in Frameworks */ = {isa = PBXBuildFile; productRef = 25CC28FC2A2BB960000E459B /* SnapshotTesting */; };
		25CC29042A2CDB67000E459B /* TrackerFilteringViewController.swift in Sources */ = {isa = PBXBuildFile; fileRef = 25CC29032A2CDB67000E459B /* TrackerFilteringViewController.swift */; };
		25CC29062A2D1CE4000E459B /* AnalyticsService.swift in Sources */ = {isa = PBXBuildFile; fileRef = 25CC29052A2D1CE4000E459B /* AnalyticsService.swift */; };
		25F97EBF29E84FDF005D82C0 /* AddNewTrackerCell.swift in Sources */ = {isa = PBXBuildFile; fileRef = 25F97EBE29E84FDF005D82C0 /* AddNewTrackerCell.swift */; };
		7032787366EF184A2A6D8718 /* Pods_TrackerTests.framework in Frameworks */ = {isa = PBXBuildFile; fileRef = 86A6E9B543D9AEF64B8DAFDB /* Pods_TrackerTests.framework */; };
/* End PBXBuildFile section */

/* Begin PBXContainerItemProxy section */
		25CC28F62A2BB947000E459B /* PBXContainerItemProxy */ = {
			isa = PBXContainerItemProxy;
			containerPortal = 255B093129D1E00E00A599E3 /* Project object */;
			proxyType = 1;
			remoteGlobalIDString = 255B093829D1E00E00A599E3;
			remoteInfo = Tracker;
		};
/* End PBXContainerItemProxy section */

/* Begin PBXFileReference section */
		1A9587C657495B26F4E6F7EA /* Pods-TrackerTests.debug.xcconfig */ = {isa = PBXFileReference; includeInIndex = 1; lastKnownFileType = text.xcconfig; name = "Pods-TrackerTests.debug.xcconfig"; path = "Target Support Files/Pods-TrackerTests/Pods-TrackerTests.debug.xcconfig"; sourceTree = "<group>"; };
		1C238FF9AF35FA6137E4561E /* Pods_Tracker.framework */ = {isa = PBXFileReference; explicitFileType = wrapper.framework; includeInIndex = 0; path = Pods_Tracker.framework; sourceTree = BUILT_PRODUCTS_DIR; };
		2521AE952A1F7B41004B50D7 /* StorageManager.swift */ = {isa = PBXFileReference; lastKnownFileType = sourcecode.swift; path = StorageManager.swift; sourceTree = "<group>"; };
		2521AEBF2A1FE144004B50D7 /* en */ = {isa = PBXFileReference; lastKnownFileType = text.plist.strings; name = en; path = en.lproj/Localizable.strings; sourceTree = "<group>"; };
		2521AEC12A1FE167004B50D7 /* ru */ = {isa = PBXFileReference; lastKnownFileType = text.plist.strings; name = ru; path = ru.lproj/Localizable.strings; sourceTree = "<group>"; };
		2521AEC22A1FE171004B50D7 /* zh-HK */ = {isa = PBXFileReference; lastKnownFileType = text.plist.strings; name = "zh-HK"; path = "zh-HK.lproj/Localizable.strings"; sourceTree = "<group>"; };
		2521AEC42A20DAC7004B50D7 /* ru */ = {isa = PBXFileReference; lastKnownFileType = text.plist.stringsdict; name = ru; path = ru.lproj/Localizable.stringsdict; sourceTree = "<group>"; };
		2521AEC62A20DACB004B50D7 /* en */ = {isa = PBXFileReference; lastKnownFileType = text.plist.stringsdict; name = en; path = en.lproj/Localizable.stringsdict; sourceTree = "<group>"; };
		2521AEC72A20DAD1004B50D7 /* zh-HK */ = {isa = PBXFileReference; lastKnownFileType = text.plist.stringsdict; name = "zh-HK"; path = "zh-HK.lproj/Localizable.stringsdict"; sourceTree = "<group>"; };
		253FAC1C2A1901E700F68DF2 /* AddCategoryViewModel.swift */ = {isa = PBXFileReference; lastKnownFileType = sourcecode.swift; path = AddCategoryViewModel.swift; sourceTree = "<group>"; };
		253FAC1E2A1BA5C000F68DF2 /* Extension + UIViewController.swift */ = {isa = PBXFileReference; lastKnownFileType = sourcecode.swift; path = "Extension + UIViewController.swift"; sourceTree = "<group>"; };
		25411F3829EEC20F00B69950 /* AddNewTrackerCellDelegate.swift */ = {isa = PBXFileReference; lastKnownFileType = sourcecode.swift; path = AddNewTrackerCellDelegate.swift; sourceTree = "<group>"; };
		25411F8B29FA788B00B69950 /* Tracker.xcdatamodel */ = {isa = PBXFileReference; lastKnownFileType = wrapper.xcdatamodel; path = Tracker.xcdatamodel; sourceTree = "<group>"; };
		25411F8D29FA7A3A00B69950 /* TrackerStore.swift */ = {isa = PBXFileReference; lastKnownFileType = sourcecode.swift; path = TrackerStore.swift; sourceTree = "<group>"; };
		25411F8F29FA7AE300B69950 /* TrackerCategoryStore.swift */ = {isa = PBXFileReference; lastKnownFileType = sourcecode.swift; path = TrackerCategoryStore.swift; sourceTree = "<group>"; };
		25411F9129FA7B4B00B69950 /* UIColorMarshalling.swift */ = {isa = PBXFileReference; lastKnownFileType = sourcecode.swift; path = UIColorMarshalling.swift; sourceTree = "<group>"; };
		25411F9529FACE7700B69950 /* TrackerStoreProtocol.swift */ = {isa = PBXFileReference; lastKnownFileType = sourcecode.swift; path = TrackerStoreProtocol.swift; sourceTree = "<group>"; };
		25411F9729FACF0F00B69950 /* CoreDataManager.swift */ = {isa = PBXFileReference; lastKnownFileType = sourcecode.swift; path = CoreDataManager.swift; sourceTree = "<group>"; };
		25411F9929FC169A00B69950 /* TrackerStoreDelegate.swift */ = {isa = PBXFileReference; lastKnownFileType = sourcecode.swift; path = TrackerStoreDelegate.swift; sourceTree = "<group>"; };
		25411F9B2A0128D100B69950 /* TrackerRecordStore.swift */ = {isa = PBXFileReference; lastKnownFileType = sourcecode.swift; path = TrackerRecordStore.swift; sourceTree = "<group>"; };
		25411F9D2A012AC400B69950 /* TrackerRecordsStoreProtocol.swift */ = {isa = PBXFileReference; lastKnownFileType = sourcecode.swift; path = TrackerRecordsStoreProtocol.swift; sourceTree = "<group>"; };
		25411F9F2A01899600B69950 /* Extension + Date.swift */ = {isa = PBXFileReference; lastKnownFileType = sourcecode.swift; path = "Extension + Date.swift"; sourceTree = "<group>"; };
		25411FA12A01AD0000B69950 /* TrackerCategoryStoreProtocol.swift */ = {isa = PBXFileReference; lastKnownFileType = sourcecode.swift; path = TrackerCategoryStoreProtocol.swift; sourceTree = "<group>"; };
		25411FCF2A124A8800B69950 /* OnboardingSinglePageController.swift */ = {isa = PBXFileReference; lastKnownFileType = sourcecode.swift; path = OnboardingSinglePageController.swift; sourceTree = "<group>"; };
		25411FD12A12515400B69950 /* CustomViewController.swift */ = {isa = PBXFileReference; lastKnownFileType = sourcecode.swift; name = CustomViewController.swift; path = ../Views/CustomViewController.swift; sourceTree = "<group>"; };
		25411FF52A13C6A800B69950 /* СategoryCell.swift */ = {isa = PBXFileReference; lastKnownFileType = sourcecode.swift; path = "СategoryCell.swift"; sourceTree = "<group>"; };
		25411FF72A1536FA00B69950 /* TrackerCategoryStoreDelegate.swift */ = {isa = PBXFileReference; lastKnownFileType = sourcecode.swift; path = TrackerCategoryStoreDelegate.swift; sourceTree = "<group>"; };
		254AD8E029E31E7B0061B7B7 /* WeekDay.swift */ = {isa = PBXFileReference; lastKnownFileType = sourcecode.swift; path = WeekDay.swift; sourceTree = "<group>"; };
		255B093929D1E00E00A599E3 /* Tracker.app */ = {isa = PBXFileReference; explicitFileType = wrapper.application; includeInIndex = 0; path = Tracker.app; sourceTree = BUILT_PRODUCTS_DIR; };
		255B093C29D1E00E00A599E3 /* AppDelegate.swift */ = {isa = PBXFileReference; lastKnownFileType = sourcecode.swift; path = AppDelegate.swift; sourceTree = "<group>"; };
		255B093E29D1E00E00A599E3 /* SceneDelegate.swift */ = {isa = PBXFileReference; lastKnownFileType = sourcecode.swift; path = SceneDelegate.swift; sourceTree = "<group>"; };
		255B094529D1E00F00A599E3 /* Assets.xcassets */ = {isa = PBXFileReference; lastKnownFileType = folder.assetcatalog; path = Assets.xcassets; sourceTree = "<group>"; };
		255B094829D1E00F00A599E3 /* Base */ = {isa = PBXFileReference; lastKnownFileType = file.storyboard; name = Base; path = Base.lproj/LaunchScreen.storyboard; sourceTree = "<group>"; };
		255B094A29D1E00F00A599E3 /* Info.plist */ = {isa = PBXFileReference; lastKnownFileType = text.plist.xml; path = Info.plist; sourceTree = "<group>"; };
		255B095629D3307500A599E3 /* Extension + UIColor.swift */ = {isa = PBXFileReference; lastKnownFileType = sourcecode.swift; path = "Extension + UIColor.swift"; sourceTree = "<group>"; };
		255B095D29D3391A00A599E3 /* TabBarController.swift */ = {isa = PBXFileReference; lastKnownFileType = sourcecode.swift; path = TabBarController.swift; sourceTree = "<group>"; };
		255B095F29D339F500A599E3 /* ListTrackersViewController.swift */ = {isa = PBXFileReference; lastKnownFileType = sourcecode.swift; path = ListTrackersViewController.swift; sourceTree = "<group>"; };
		255B096129D33B4900A599E3 /* StatisticsViewController.swift */ = {isa = PBXFileReference; lastKnownFileType = sourcecode.swift; path = StatisticsViewController.swift; sourceTree = "<group>"; };
		255B096729D34C5D00A599E3 /* Extension + UIFonts.swift */ = {isa = PBXFileReference; lastKnownFileType = sourcecode.swift; path = "Extension + UIFonts.swift"; sourceTree = "<group>"; };
		255B096929D4472C00A599E3 /* Constants.swift */ = {isa = PBXFileReference; lastKnownFileType = sourcecode.swift; path = Constants.swift; sourceTree = "<group>"; };
		255B096B29D4841200A599E3 /* TrackerCell.swift */ = {isa = PBXFileReference; lastKnownFileType = sourcecode.swift; path = TrackerCell.swift; sourceTree = "<group>"; };
		255B096D29D597B600A599E3 /* HeaderSectionView.swift */ = {isa = PBXFileReference; lastKnownFileType = sourcecode.swift; path = HeaderSectionView.swift; sourceTree = "<group>"; };
		255B096F29D59F1500A599E3 /* GeometricParams.swift */ = {isa = PBXFileReference; lastKnownFileType = sourcecode.swift; path = GeometricParams.swift; sourceTree = "<group>"; };
		255B097729D5BC7C00A599E3 /* CreateTrackerViewController.swift */ = {isa = PBXFileReference; lastKnownFileType = sourcecode.swift; path = CreateTrackerViewController.swift; sourceTree = "<group>"; };
		255B097929D5BD1800A599E3 /* CustomButton.swift */ = {isa = PBXFileReference; lastKnownFileType = sourcecode.swift; path = CustomButton.swift; sourceTree = "<group>"; };
		256E015B29D7557600E2A413 /* AddCategoryViewController.swift */ = {isa = PBXFileReference; lastKnownFileType = sourcecode.swift; path = AddCategoryViewController.swift; sourceTree = "<group>"; };
		256E015D29D7581D00E2A413 /* DefaultStackView.swift */ = {isa = PBXFileReference; lastKnownFileType = sourcecode.swift; path = DefaultStackView.swift; sourceTree = "<group>"; };
		256E016429D7844100E2A413 /* AddNewCategoryViewController.swift */ = {isa = PBXFileReference; lastKnownFileType = sourcecode.swift; path = AddNewCategoryViewController.swift; sourceTree = "<group>"; };
		256E016629D785A300E2A413 /* CustomTextField.swift */ = {isa = PBXFileReference; lastKnownFileType = sourcecode.swift; path = CustomTextField.swift; sourceTree = "<group>"; };
		256E016829D9BDB500E2A413 /* AddScheduleViewController.swift */ = {isa = PBXFileReference; lastKnownFileType = sourcecode.swift; path = AddScheduleViewController.swift; sourceTree = "<group>"; };
		256E016B29D9F84900E2A413 /* Tracker.swift */ = {isa = PBXFileReference; lastKnownFileType = sourcecode.swift; path = Tracker.swift; sourceTree = "<group>"; };
		256E016F29D9F9BF00E2A413 /* TrackerCategory.swift */ = {isa = PBXFileReference; lastKnownFileType = sourcecode.swift; path = TrackerCategory.swift; sourceTree = "<group>"; };
		256E017129D9FA4900E2A413 /* TrackerRecord.swift */ = {isa = PBXFileReference; lastKnownFileType = sourcecode.swift; path = TrackerRecord.swift; sourceTree = "<group>"; };
		256E017C29DEED7A00E2A413 /* AddNewTrackerViewController.swift */ = {isa = PBXFileReference; lastKnownFileType = sourcecode.swift; path = AddNewTrackerViewController.swift; sourceTree = "<group>"; };
		256E017E29DF613500E2A413 /* UpdateSubtitleDelegate.swift */ = {isa = PBXFileReference; lastKnownFileType = sourcecode.swift; path = UpdateSubtitleDelegate.swift; sourceTree = "<group>"; };
		256E018029DF635E00E2A413 /* ListTrackersViewControllerDelegate.swift */ = {isa = PBXFileReference; lastKnownFileType = sourcecode.swift; path = ListTrackersViewControllerDelegate.swift; sourceTree = "<group>"; };
		25CC28EA2A260B69000E459B /* TrackerCellDelegate.swift */ = {isa = PBXFileReference; lastKnownFileType = sourcecode.swift; path = TrackerCellDelegate.swift; sourceTree = "<group>"; };
		25CC28EC2A276614000E459B /* CustomCounterButton.swift */ = {isa = PBXFileReference; lastKnownFileType = sourcecode.swift; path = CustomCounterButton.swift; sourceTree = "<group>"; };
		25CC28F22A2BB947000E459B /* TrackerTests.xctest */ = {isa = PBXFileReference; explicitFileType = wrapper.cfbundle; includeInIndex = 0; path = TrackerTests.xctest; sourceTree = BUILT_PRODUCTS_DIR; };
		25CC28F42A2BB947000E459B /* TrackerTests.swift */ = {isa = PBXFileReference; lastKnownFileType = sourcecode.swift; path = TrackerTests.swift; sourceTree = "<group>"; };
		25CC29032A2CDB67000E459B /* TrackerFilteringViewController.swift */ = {isa = PBXFileReference; lastKnownFileType = sourcecode.swift; path = TrackerFilteringViewController.swift; sourceTree = "<group>"; };
		25CC29052A2D1CE4000E459B /* AnalyticsService.swift */ = {isa = PBXFileReference; lastKnownFileType = sourcecode.swift; path = AnalyticsService.swift; sourceTree = "<group>"; };
		25F97EBE29E84FDF005D82C0 /* AddNewTrackerCell.swift */ = {isa = PBXFileReference; lastKnownFileType = sourcecode.swift; path = AddNewTrackerCell.swift; sourceTree = "<group>"; };
		86A6E9B543D9AEF64B8DAFDB /* Pods_TrackerTests.framework */ = {isa = PBXFileReference; explicitFileType = wrapper.framework; includeInIndex = 0; path = Pods_TrackerTests.framework; sourceTree = BUILT_PRODUCTS_DIR; };
		AF8CB1000512CEB06DA53FC5 /* Pods-Tracker.release.xcconfig */ = {isa = PBXFileReference; includeInIndex = 1; lastKnownFileType = text.xcconfig; name = "Pods-Tracker.release.xcconfig"; path = "Target Support Files/Pods-Tracker/Pods-Tracker.release.xcconfig"; sourceTree = "<group>"; };
		C50FF66C8EE50639D4980034 /* Pods-TrackerTests.release.xcconfig */ = {isa = PBXFileReference; includeInIndex = 1; lastKnownFileType = text.xcconfig; name = "Pods-TrackerTests.release.xcconfig"; path = "Target Support Files/Pods-TrackerTests/Pods-TrackerTests.release.xcconfig"; sourceTree = "<group>"; };
		C97637F7875392F8C2E603FF /* Pods-Tracker.debug.xcconfig */ = {isa = PBXFileReference; includeInIndex = 1; lastKnownFileType = text.xcconfig; name = "Pods-Tracker.debug.xcconfig"; path = "Target Support Files/Pods-Tracker/Pods-Tracker.debug.xcconfig"; sourceTree = "<group>"; };
/* End PBXFileReference section */

/* Begin PBXFrameworksBuildPhase section */
		255B093629D1E00E00A599E3 /* Frameworks */ = {
			isa = PBXFrameworksBuildPhase;
			buildActionMask = 2147483647;
			files = (
				0A8D490D3815250A7983C907 /* Pods_Tracker.framework in Frameworks */,
			);
			runOnlyForDeploymentPostprocessing = 0;
		};
		25CC28EF2A2BB947000E459B /* Frameworks */ = {
			isa = PBXFrameworksBuildPhase;
			buildActionMask = 2147483647;
			files = (
				25CC28FD2A2BB960000E459B /* SnapshotTesting in Frameworks */,
				7032787366EF184A2A6D8718 /* Pods_TrackerTests.framework in Frameworks */,
			);
			runOnlyForDeploymentPostprocessing = 0;
		};
/* End PBXFrameworksBuildPhase section */

/* Begin PBXGroup section */
		25411FCE2A1249DB00B69950 /* Onboarding */ = {
			isa = PBXGroup;
			children = (
				25411FCF2A124A8800B69950 /* OnboardingSinglePageController.swift */,
				25411FD12A12515400B69950 /* CustomViewController.swift */,
			);
			path = Onboarding;
			sourceTree = "<group>";
		};
		254AD8E229E31F410061B7B7 /* AddCategory */ = {
			isa = PBXGroup;
			children = (
				256E016F29D9F9BF00E2A413 /* TrackerCategory.swift */,
				25411F8F29FA7AE300B69950 /* TrackerCategoryStore.swift */,
				253FAC1C2A1901E700F68DF2 /* AddCategoryViewModel.swift */,
				256E015B29D7557600E2A413 /* AddCategoryViewController.swift */,
				256E016429D7844100E2A413 /* AddNewCategoryViewController.swift */,
				25411FF52A13C6A800B69950 /* СategoryCell.swift */,
			);
			path = AddCategory;
			sourceTree = "<group>";
		};
		254AD8E329E31F610061B7B7 /* AddNewTraker */ = {
			isa = PBXGroup;
			children = (
				256E016B29D9F84900E2A413 /* Tracker.swift */,
				25411F8D29FA7A3A00B69950 /* TrackerStore.swift */,
				255B097729D5BC7C00A599E3 /* CreateTrackerViewController.swift */,
				256E017C29DEED7A00E2A413 /* AddNewTrackerViewController.swift */,
				25F97EBE29E84FDF005D82C0 /* AddNewTrackerCell.swift */,
			);
			path = AddNewTraker;
			sourceTree = "<group>";
		};
		254AD8E429E31F770061B7B7 /* AddSchedule */ = {
			isa = PBXGroup;
			children = (
				256E016829D9BDB500E2A413 /* AddScheduleViewController.swift */,
				254AD8E029E31E7B0061B7B7 /* WeekDay.swift */,
			);
			path = AddSchedule;
			sourceTree = "<group>";
		};
		255B093029D1E00E00A599E3 = {
			isa = PBXGroup;
			children = (
				255B093B29D1E00E00A599E3 /* Tracker */,
				25CC28F32A2BB947000E459B /* TrackerTests */,
				255B093A29D1E00E00A599E3 /* Products */,
				CA83BC5E15F23D3E87B84597 /* Pods */,
				BD610F328245B6EEEF9C646C /* Frameworks */,
			);
			sourceTree = "<group>";
		};
		255B093A29D1E00E00A599E3 /* Products */ = {
			isa = PBXGroup;
			children = (
				255B093929D1E00E00A599E3 /* Tracker.app */,
				25CC28F22A2BB947000E459B /* TrackerTests.xctest */,
			);
			name = Products;
			sourceTree = "<group>";
		};
		255B093B29D1E00E00A599E3 /* Tracker */ = {
			isa = PBXGroup;
			children = (
				255B095129D1E4DE00A599E3 /* Presentations */,
				256E017329DA118500E2A413 /* Services */,
				256E015F29D77E9700E2A413 /* Protocols */,
				255B095529D3305A00A599E3 /* Extensions */,
				255B095229D1E4EC00A599E3 /* Resources */,
				255B095029D1E4C200A599E3 /* App */,
			);
			path = Tracker;
			sourceTree = "<group>";
		};
		255B095029D1E4C200A599E3 /* App */ = {
			isa = PBXGroup;
			children = (
				255B093C29D1E00E00A599E3 /* AppDelegate.swift */,
				255B093E29D1E00E00A599E3 /* SceneDelegate.swift */,
				255B094A29D1E00F00A599E3 /* Info.plist */,
			);
			path = App;
			sourceTree = "<group>";
		};
		255B095129D1E4DE00A599E3 /* Presentations */ = {
			isa = PBXGroup;
			children = (
				255B097229D5A6CE00A599E3 /* Views */,
				25411FCE2A1249DB00B69950 /* Onboarding */,
				255B097429D5A70B00A599E3 /* Start */,
				255B097129D5A6B500A599E3 /* ListTrackers */,
				255B097329D5A6F400A599E3 /* Statistics */,
			);
			path = Presentations;
			sourceTree = "<group>";
		};
		255B095229D1E4EC00A599E3 /* Resources */ = {
			isa = PBXGroup;
			children = (
				255B096929D4472C00A599E3 /* Constants.swift */,
				255B096F29D59F1500A599E3 /* GeometricParams.swift */,
				25411F9129FA7B4B00B69950 /* UIColorMarshalling.swift */,
				255B094529D1E00F00A599E3 /* Assets.xcassets */,
				2521AEC02A1FE144004B50D7 /* Localizable.strings */,
				2521AEC52A20DAC7004B50D7 /* Localizable.stringsdict */,
			);
			path = Resources;
			sourceTree = "<group>";
		};
		255B095529D3305A00A599E3 /* Extensions */ = {
			isa = PBXGroup;
			children = (
				255B095629D3307500A599E3 /* Extension + UIColor.swift */,
				255B096729D34C5D00A599E3 /* Extension + UIFonts.swift */,
				25411F9F2A01899600B69950 /* Extension + Date.swift */,
				253FAC1E2A1BA5C000F68DF2 /* Extension + UIViewController.swift */,
			);
			path = Extensions;
			sourceTree = "<group>";
		};
		255B097129D5A6B500A599E3 /* ListTrackers */ = {
			isa = PBXGroup;
			children = (
				256E017129D9FA4900E2A413 /* TrackerRecord.swift */,
				25411F9B2A0128D100B69950 /* TrackerRecordStore.swift */,
				255B095F29D339F500A599E3 /* ListTrackersViewController.swift */,
				255B096B29D4841200A599E3 /* TrackerCell.swift */,
				25CC29022A2CDB25000E459B /* TrackerFiltering */,
				255B097B29D5C33500A599E3 /* NewTracker */,
			);
			path = ListTrackers;
			sourceTree = "<group>";
		};
		255B097229D5A6CE00A599E3 /* Views */ = {
			isa = PBXGroup;
			children = (
				255B096D29D597B600A599E3 /* HeaderSectionView.swift */,
				255B097929D5BD1800A599E3 /* CustomButton.swift */,
				256E015D29D7581D00E2A413 /* DefaultStackView.swift */,
				256E016629D785A300E2A413 /* CustomTextField.swift */,
				25CC28EC2A276614000E459B /* CustomCounterButton.swift */,
			);
			path = Views;
			sourceTree = "<group>";
		};
		255B097329D5A6F400A599E3 /* Statistics */ = {
			isa = PBXGroup;
			children = (
				255B096129D33B4900A599E3 /* StatisticsViewController.swift */,
			);
			path = Statistics;
			sourceTree = "<group>";
		};
		255B097429D5A70B00A599E3 /* Start */ = {
			isa = PBXGroup;
			children = (
				255B095D29D3391A00A599E3 /* TabBarController.swift */,
				255B094729D1E00F00A599E3 /* LaunchScreen.storyboard */,
			);
			path = Start;
			sourceTree = "<group>";
		};
		255B097B29D5C33500A599E3 /* NewTracker */ = {
			isa = PBXGroup;
			children = (
				254AD8E329E31F610061B7B7 /* AddNewTraker */,
				254AD8E229E31F410061B7B7 /* AddCategory */,
				254AD8E429E31F770061B7B7 /* AddSchedule */,
			);
			path = NewTracker;
			sourceTree = "<group>";
		};
		256E015F29D77E9700E2A413 /* Protocols */ = {
			isa = PBXGroup;
			children = (
				25411F3829EEC20F00B69950 /* AddNewTrackerCellDelegate.swift */,
				256E017E29DF613500E2A413 /* UpdateSubtitleDelegate.swift */,
				256E018029DF635E00E2A413 /* ListTrackersViewControllerDelegate.swift */,
				25CC28EA2A260B69000E459B /* TrackerCellDelegate.swift */,
				25411F9529FACE7700B69950 /* TrackerStoreProtocol.swift */,
				25411FA12A01AD0000B69950 /* TrackerCategoryStoreProtocol.swift */,
				25411F9D2A012AC400B69950 /* TrackerRecordsStoreProtocol.swift */,
				25411F9929FC169A00B69950 /* TrackerStoreDelegate.swift */,
				25411FF72A1536FA00B69950 /* TrackerCategoryStoreDelegate.swift */,
			);
			path = Protocols;
			sourceTree = "<group>";
		};
		256E017329DA118500E2A413 /* Services */ = {
			isa = PBXGroup;
			children = (
				25411F8A29FA788B00B69950 /* Tracker.xcdatamodeld */,
				2521AE952A1F7B41004B50D7 /* StorageManager.swift */,
				25411F9729FACF0F00B69950 /* CoreDataManager.swift */,
				25CC29052A2D1CE4000E459B /* AnalyticsService.swift */,
			);
			path = Services;
			sourceTree = "<group>";
		};
		25CC28F32A2BB947000E459B /* TrackerTests */ = {
			isa = PBXGroup;
			children = (
				25CC28F42A2BB947000E459B /* TrackerTests.swift */,
			);
			path = TrackerTests;
			sourceTree = "<group>";
		};
		25CC29022A2CDB25000E459B /* TrackerFiltering */ = {
			isa = PBXGroup;
			children = (
				25CC29032A2CDB67000E459B /* TrackerFilteringViewController.swift */,
			);
			path = TrackerFiltering;
			sourceTree = "<group>";
		};
		BD610F328245B6EEEF9C646C /* Frameworks */ = {
			isa = PBXGroup;
			children = (
				1C238FF9AF35FA6137E4561E /* Pods_Tracker.framework */,
				86A6E9B543D9AEF64B8DAFDB /* Pods_TrackerTests.framework */,
			);
			name = Frameworks;
			sourceTree = "<group>";
		};
		CA83BC5E15F23D3E87B84597 /* Pods */ = {
			isa = PBXGroup;
			children = (
				C97637F7875392F8C2E603FF /* Pods-Tracker.debug.xcconfig */,
				AF8CB1000512CEB06DA53FC5 /* Pods-Tracker.release.xcconfig */,
				1A9587C657495B26F4E6F7EA /* Pods-TrackerTests.debug.xcconfig */,
				C50FF66C8EE50639D4980034 /* Pods-TrackerTests.release.xcconfig */,
			);
			path = Pods;
			sourceTree = "<group>";
		};
/* End PBXGroup section */

/* Begin PBXNativeTarget section */
		255B093829D1E00E00A599E3 /* Tracker */ = {
			isa = PBXNativeTarget;
			buildConfigurationList = 255B094D29D1E00F00A599E3 /* Build configuration list for PBXNativeTarget "Tracker" */;
			buildPhases = (
				4CC0FC77FB9E4D5E0F157CEA /* [CP] Check Pods Manifest.lock */,
				255B093529D1E00E00A599E3 /* Sources */,
				255B093629D1E00E00A599E3 /* Frameworks */,
				255B093729D1E00E00A599E3 /* Resources */,
				559B8ED708C4BA6843C1C809 /* [CP] Embed Pods Frameworks */,
			);
			buildRules = (
			);
			dependencies = (
			);
			name = Tracker;
			productName = Tracker;
			productReference = 255B093929D1E00E00A599E3 /* Tracker.app */;
			productType = "com.apple.product-type.application";
		};
		25CC28F12A2BB947000E459B /* TrackerTests */ = {
			isa = PBXNativeTarget;
			buildConfigurationList = 25CC28F82A2BB947000E459B /* Build configuration list for PBXNativeTarget "TrackerTests" */;
			buildPhases = (
				7B1D6970A6632A80F7B0B962 /* [CP] Check Pods Manifest.lock */,
				25CC28EE2A2BB947000E459B /* Sources */,
				25CC28EF2A2BB947000E459B /* Frameworks */,
				25CC28F02A2BB947000E459B /* Resources */,
			);
			buildRules = (
			);
			dependencies = (
				25CC28F72A2BB947000E459B /* PBXTargetDependency */,
			);
			name = TrackerTests;
			packageProductDependencies = (
				25CC28FC2A2BB960000E459B /* SnapshotTesting */,
			);
			productName = TrackerTests;
			productReference = 25CC28F22A2BB947000E459B /* TrackerTests.xctest */;
			productType = "com.apple.product-type.bundle.unit-test";
		};
/* End PBXNativeTarget section */

/* Begin PBXProject section */
		255B093129D1E00E00A599E3 /* Project object */ = {
			isa = PBXProject;
			attributes = {
				BuildIndependentTargetsInParallel = 1;
				LastSwiftUpdateCheck = 1430;
				LastUpgradeCheck = 1430;
				TargetAttributes = {
					255B093829D1E00E00A599E3 = {
						CreatedOnToolsVersion = 14.2;
					};
					25CC28F12A2BB947000E459B = {
						CreatedOnToolsVersion = 14.3;
						TestTargetID = 255B093829D1E00E00A599E3;
					};
				};
			};
			buildConfigurationList = 255B093429D1E00E00A599E3 /* Build configuration list for PBXProject "Tracker" */;
			compatibilityVersion = "Xcode 14.0";
			developmentRegion = en;
			hasScannedForEncodings = 0;
			knownRegions = (
				en,
				Base,
				ru,
				"zh-HK",
			);
			mainGroup = 255B093029D1E00E00A599E3;
			packageReferences = (
				25CC28FB2A2BB960000E459B /* XCRemoteSwiftPackageReference "swift-snapshot-testing" */,
			);
			productRefGroup = 255B093A29D1E00E00A599E3 /* Products */;
			projectDirPath = "";
			projectRoot = "";
			targets = (
				255B093829D1E00E00A599E3 /* Tracker */,
				25CC28F12A2BB947000E459B /* TrackerTests */,
			);
		};
/* End PBXProject section */

/* Begin PBXResourcesBuildPhase section */
		255B093729D1E00E00A599E3 /* Resources */ = {
			isa = PBXResourcesBuildPhase;
			buildActionMask = 2147483647;
			files = (
				255B094929D1E00F00A599E3 /* LaunchScreen.storyboard in Resources */,
				2521AEBE2A1FE144004B50D7 /* Localizable.strings in Resources */,
				255B094629D1E00F00A599E3 /* Assets.xcassets in Resources */,
				2521AEC32A20DAC7004B50D7 /* Localizable.stringsdict in Resources */,
			);
			runOnlyForDeploymentPostprocessing = 0;
		};
		25CC28F02A2BB947000E459B /* Resources */ = {
			isa = PBXResourcesBuildPhase;
			buildActionMask = 2147483647;
			files = (
			);
			runOnlyForDeploymentPostprocessing = 0;
		};
/* End PBXResourcesBuildPhase section */

/* Begin PBXShellScriptBuildPhase section */
		4CC0FC77FB9E4D5E0F157CEA /* [CP] Check Pods Manifest.lock */ = {
			isa = PBXShellScriptBuildPhase;
			buildActionMask = 2147483647;
			files = (
			);
			inputFileListPaths = (
			);
			inputPaths = (
				"${PODS_PODFILE_DIR_PATH}/Podfile.lock",
				"${PODS_ROOT}/Manifest.lock",
			);
			name = "[CP] Check Pods Manifest.lock";
			outputFileListPaths = (
			);
			outputPaths = (
				"$(DERIVED_FILE_DIR)/Pods-Tracker-checkManifestLockResult.txt",
			);
			runOnlyForDeploymentPostprocessing = 0;
			shellPath = /bin/sh;
			shellScript = "diff \"${PODS_PODFILE_DIR_PATH}/Podfile.lock\" \"${PODS_ROOT}/Manifest.lock\" > /dev/null\nif [ $? != 0 ] ; then\n    # print error to STDERR\n    echo \"error: The sandbox is not in sync with the Podfile.lock. Run 'pod install' or update your CocoaPods installation.\" >&2\n    exit 1\nfi\n# This output is used by Xcode 'outputs' to avoid re-running this script phase.\necho \"SUCCESS\" > \"${SCRIPT_OUTPUT_FILE_0}\"\n";
			showEnvVarsInLog = 0;
		};
		559B8ED708C4BA6843C1C809 /* [CP] Embed Pods Frameworks */ = {
			isa = PBXShellScriptBuildPhase;
			buildActionMask = 2147483647;
			files = (
			);
			inputFileListPaths = (
				"${PODS_ROOT}/Target Support Files/Pods-Tracker/Pods-Tracker-frameworks-${CONFIGURATION}-input-files.xcfilelist",
			);
			name = "[CP] Embed Pods Frameworks";
			outputFileListPaths = (
				"${PODS_ROOT}/Target Support Files/Pods-Tracker/Pods-Tracker-frameworks-${CONFIGURATION}-output-files.xcfilelist",
			);
			runOnlyForDeploymentPostprocessing = 0;
			shellPath = /bin/sh;
			shellScript = "\"${PODS_ROOT}/Target Support Files/Pods-Tracker/Pods-Tracker-frameworks.sh\"\n";
			showEnvVarsInLog = 0;
		};
		7B1D6970A6632A80F7B0B962 /* [CP] Check Pods Manifest.lock */ = {
			isa = PBXShellScriptBuildPhase;
			buildActionMask = 2147483647;
			files = (
			);
			inputFileListPaths = (
			);
			inputPaths = (
				"${PODS_PODFILE_DIR_PATH}/Podfile.lock",
				"${PODS_ROOT}/Manifest.lock",
			);
			name = "[CP] Check Pods Manifest.lock";
			outputFileListPaths = (
			);
			outputPaths = (
				"$(DERIVED_FILE_DIR)/Pods-TrackerTests-checkManifestLockResult.txt",
			);
			runOnlyForDeploymentPostprocessing = 0;
			shellPath = /bin/sh;
			shellScript = "diff \"${PODS_PODFILE_DIR_PATH}/Podfile.lock\" \"${PODS_ROOT}/Manifest.lock\" > /dev/null\nif [ $? != 0 ] ; then\n    # print error to STDERR\n    echo \"error: The sandbox is not in sync with the Podfile.lock. Run 'pod install' or update your CocoaPods installation.\" >&2\n    exit 1\nfi\n# This output is used by Xcode 'outputs' to avoid re-running this script phase.\necho \"SUCCESS\" > \"${SCRIPT_OUTPUT_FILE_0}\"\n";
			showEnvVarsInLog = 0;
		};
/* End PBXShellScriptBuildPhase section */

/* Begin PBXSourcesBuildPhase section */
		255B093529D1E00E00A599E3 /* Sources */ = {
			isa = PBXSourcesBuildPhase;
			buildActionMask = 2147483647;
			files = (
				254AD8E129E31E7B0061B7B7 /* WeekDay.swift in Sources */,
				255B097A29D5BD1800A599E3 /* CustomButton.swift in Sources */,
				255B096829D34C5D00A599E3 /* Extension + UIFonts.swift in Sources */,
				255B095729D3307500A599E3 /* Extension + UIColor.swift in Sources */,
				255B093D29D1E00E00A599E3 /* AppDelegate.swift in Sources */,
				255B095E29D3391A00A599E3 /* TabBarController.swift in Sources */,
				25411F8E29FA7A3A00B69950 /* TrackerStore.swift in Sources */,
				2521AE962A1F7B41004B50D7 /* StorageManager.swift in Sources */,
				25F97EBF29E84FDF005D82C0 /* AddNewTrackerCell.swift in Sources */,
				255B096229D33B4900A599E3 /* StatisticsViewController.swift in Sources */,
				25411FA02A01899600B69950 /* Extension + Date.swift in Sources */,
				255B096029D339F500A599E3 /* ListTrackersViewController.swift in Sources */,
				255B093F29D1E00E00A599E3 /* SceneDelegate.swift in Sources */,
				25411F9E2A012AC400B69950 /* TrackerRecordsStoreProtocol.swift in Sources */,
				25CC29042A2CDB67000E459B /* TrackerFilteringViewController.swift in Sources */,
				25411FF82A1536FA00B69950 /* TrackerCategoryStoreDelegate.swift in Sources */,
				255B096C29D4841200A599E3 /* TrackerCell.swift in Sources */,
				253FAC1F2A1BA5C000F68DF2 /* Extension + UIViewController.swift in Sources */,
				25411F9229FA7B4B00B69950 /* UIColorMarshalling.swift in Sources */,
				256E015E29D7581D00E2A413 /* DefaultStackView.swift in Sources */,
				25411F9629FACE7700B69950 /* TrackerStoreProtocol.swift in Sources */,
				256E016C29D9F84900E2A413 /* Tracker.swift in Sources */,
				25411F9029FA7AE300B69950 /* TrackerCategoryStore.swift in Sources */,
				25411F8C29FA788B00B69950 /* Tracker.xcdatamodeld in Sources */,
				256E017F29DF613500E2A413 /* UpdateSubtitleDelegate.swift in Sources */,
				256E017D29DEED7A00E2A413 /* AddNewTrackerViewController.swift in Sources */,
				25CC29062A2D1CE4000E459B /* AnalyticsService.swift in Sources */,
				256E016729D785A300E2A413 /* CustomTextField.swift in Sources */,
				255B096A29D4472C00A599E3 /* Constants.swift in Sources */,
				255B096E29D597B600A599E3 /* HeaderSectionView.swift in Sources */,
				25411FF62A13C6A900B69950 /* СategoryCell.swift in Sources */,
				256E017029D9F9BF00E2A413 /* TrackerCategory.swift in Sources */,
				256E018129DF635E00E2A413 /* ListTrackersViewControllerDelegate.swift in Sources */,
				25411FD02A124A8800B69950 /* OnboardingSinglePageController.swift in Sources */,
				25411F9A29FC169A00B69950 /* TrackerStoreDelegate.swift in Sources */,
				25411F9C2A0128D100B69950 /* TrackerRecordStore.swift in Sources */,
				256E015C29D7557600E2A413 /* AddCategoryViewController.swift in Sources */,
				255B097829D5BC7C00A599E3 /* CreateTrackerViewController.swift in Sources */,
				25411FD22A12515400B69950 /* CustomViewController.swift in Sources */,
				253FAC1D2A1901E700F68DF2 /* AddCategoryViewModel.swift in Sources */,
				25411F3929EEC20F00B69950 /* AddNewTrackerCellDelegate.swift in Sources */,
				256E017229D9FA4900E2A413 /* TrackerRecord.swift in Sources */,
				256E016929D9BDB500E2A413 /* AddScheduleViewController.swift in Sources */,
				256E016529D7844100E2A413 /* AddNewCategoryViewController.swift in Sources */,
				25CC28ED2A276614000E459B /* CustomCounterButton.swift in Sources */,
				25CC28EB2A260B69000E459B /* TrackerCellDelegate.swift in Sources */,
				25411FA22A01AD0000B69950 /* TrackerCategoryStoreProtocol.swift in Sources */,
				25411F9829FACF0F00B69950 /* CoreDataManager.swift in Sources */,
				255B097029D59F1500A599E3 /* GeometricParams.swift in Sources */,
			);
			runOnlyForDeploymentPostprocessing = 0;
		};
		25CC28EE2A2BB947000E459B /* Sources */ = {
			isa = PBXSourcesBuildPhase;
			buildActionMask = 2147483647;
			files = (
				25CC28F52A2BB947000E459B /* TrackerTests.swift in Sources */,
			);
			runOnlyForDeploymentPostprocessing = 0;
		};
/* End PBXSourcesBuildPhase section */

/* Begin PBXTargetDependency section */
		25CC28F72A2BB947000E459B /* PBXTargetDependency */ = {
			isa = PBXTargetDependency;
			target = 255B093829D1E00E00A599E3 /* Tracker */;
			targetProxy = 25CC28F62A2BB947000E459B /* PBXContainerItemProxy */;
		};
/* End PBXTargetDependency section */

/* Begin PBXVariantGroup section */
		2521AEC02A1FE144004B50D7 /* Localizable.strings */ = {
			isa = PBXVariantGroup;
			children = (
				2521AEBF2A1FE144004B50D7 /* en */,
				2521AEC12A1FE167004B50D7 /* ru */,
				2521AEC22A1FE171004B50D7 /* zh-HK */,
			);
			name = Localizable.strings;
			sourceTree = "<group>";
		};
		2521AEC52A20DAC7004B50D7 /* Localizable.stringsdict */ = {
			isa = PBXVariantGroup;
			children = (
				2521AEC42A20DAC7004B50D7 /* ru */,
				2521AEC62A20DACB004B50D7 /* en */,
				2521AEC72A20DAD1004B50D7 /* zh-HK */,
			);
			name = Localizable.stringsdict;
			sourceTree = "<group>";
		};
		255B094729D1E00F00A599E3 /* LaunchScreen.storyboard */ = {
			isa = PBXVariantGroup;
			children = (
				255B094829D1E00F00A599E3 /* Base */,
			);
			name = LaunchScreen.storyboard;
			sourceTree = "<group>";
		};
/* End PBXVariantGroup section */

/* Begin XCBuildConfiguration section */
		255B094B29D1E00F00A599E3 /* Debug */ = {
			isa = XCBuildConfiguration;
			buildSettings = {
				ALWAYS_SEARCH_USER_PATHS = NO;
				CLANG_ANALYZER_LOCALIZABILITY_NONLOCALIZED = YES;
				CLANG_ANALYZER_NONNULL = YES;
				CLANG_ANALYZER_NUMBER_OBJECT_CONVERSION = YES_AGGRESSIVE;
				CLANG_CXX_LANGUAGE_STANDARD = "gnu++20";
				CLANG_ENABLE_MODULES = YES;
				CLANG_ENABLE_OBJC_ARC = YES;
				CLANG_ENABLE_OBJC_WEAK = YES;
				CLANG_WARN_BLOCK_CAPTURE_AUTORELEASING = YES;
				CLANG_WARN_BOOL_CONVERSION = YES;
				CLANG_WARN_COMMA = YES;
				CLANG_WARN_CONSTANT_CONVERSION = YES;
				CLANG_WARN_DEPRECATED_OBJC_IMPLEMENTATIONS = YES;
				CLANG_WARN_DIRECT_OBJC_ISA_USAGE = YES_ERROR;
				CLANG_WARN_DOCUMENTATION_COMMENTS = YES;
				CLANG_WARN_EMPTY_BODY = YES;
				CLANG_WARN_ENUM_CONVERSION = YES;
				CLANG_WARN_INFINITE_RECURSION = YES;
				CLANG_WARN_INT_CONVERSION = YES;
				CLANG_WARN_NON_LITERAL_NULL_CONVERSION = YES;
				CLANG_WARN_OBJC_IMPLICIT_RETAIN_SELF = YES;
				CLANG_WARN_OBJC_LITERAL_CONVERSION = YES;
				CLANG_WARN_OBJC_ROOT_CLASS = YES_ERROR;
				CLANG_WARN_QUOTED_INCLUDE_IN_FRAMEWORK_HEADER = YES;
				CLANG_WARN_RANGE_LOOP_ANALYSIS = YES;
				CLANG_WARN_STRICT_PROTOTYPES = YES;
				CLANG_WARN_SUSPICIOUS_MOVE = YES;
				CLANG_WARN_UNGUARDED_AVAILABILITY = YES_AGGRESSIVE;
				CLANG_WARN_UNREACHABLE_CODE = YES;
				CLANG_WARN__DUPLICATE_METHOD_MATCH = YES;
				COPY_PHASE_STRIP = NO;
				DEBUG_INFORMATION_FORMAT = dwarf;
				ENABLE_STRICT_OBJC_MSGSEND = YES;
				ENABLE_TESTABILITY = YES;
				GCC_C_LANGUAGE_STANDARD = gnu11;
				GCC_DYNAMIC_NO_PIC = NO;
				GCC_NO_COMMON_BLOCKS = YES;
				GCC_OPTIMIZATION_LEVEL = 0;
				GCC_PREPROCESSOR_DEFINITIONS = (
					"DEBUG=1",
					"$(inherited)",
				);
				GCC_WARN_64_TO_32_BIT_CONVERSION = YES;
				GCC_WARN_ABOUT_RETURN_TYPE = YES_ERROR;
				GCC_WARN_UNDECLARED_SELECTOR = YES;
				GCC_WARN_UNINITIALIZED_AUTOS = YES_AGGRESSIVE;
				GCC_WARN_UNUSED_FUNCTION = YES;
				GCC_WARN_UNUSED_VARIABLE = YES;
				IPHONEOS_DEPLOYMENT_TARGET = 16.2;
				MTL_ENABLE_DEBUG_INFO = INCLUDE_SOURCE;
				MTL_FAST_MATH = YES;
				ONLY_ACTIVE_ARCH = YES;
				SDKROOT = iphoneos;
				SWIFT_ACTIVE_COMPILATION_CONDITIONS = DEBUG;
				SWIFT_OPTIMIZATION_LEVEL = "-Onone";
			};
			name = Debug;
		};
		255B094C29D1E00F00A599E3 /* Release */ = {
			isa = XCBuildConfiguration;
			buildSettings = {
				ALWAYS_SEARCH_USER_PATHS = NO;
				CLANG_ANALYZER_LOCALIZABILITY_NONLOCALIZED = YES;
				CLANG_ANALYZER_NONNULL = YES;
				CLANG_ANALYZER_NUMBER_OBJECT_CONVERSION = YES_AGGRESSIVE;
				CLANG_CXX_LANGUAGE_STANDARD = "gnu++20";
				CLANG_ENABLE_MODULES = YES;
				CLANG_ENABLE_OBJC_ARC = YES;
				CLANG_ENABLE_OBJC_WEAK = YES;
				CLANG_WARN_BLOCK_CAPTURE_AUTORELEASING = YES;
				CLANG_WARN_BOOL_CONVERSION = YES;
				CLANG_WARN_COMMA = YES;
				CLANG_WARN_CONSTANT_CONVERSION = YES;
				CLANG_WARN_DEPRECATED_OBJC_IMPLEMENTATIONS = YES;
				CLANG_WARN_DIRECT_OBJC_ISA_USAGE = YES_ERROR;
				CLANG_WARN_DOCUMENTATION_COMMENTS = YES;
				CLANG_WARN_EMPTY_BODY = YES;
				CLANG_WARN_ENUM_CONVERSION = YES;
				CLANG_WARN_INFINITE_RECURSION = YES;
				CLANG_WARN_INT_CONVERSION = YES;
				CLANG_WARN_NON_LITERAL_NULL_CONVERSION = YES;
				CLANG_WARN_OBJC_IMPLICIT_RETAIN_SELF = YES;
				CLANG_WARN_OBJC_LITERAL_CONVERSION = YES;
				CLANG_WARN_OBJC_ROOT_CLASS = YES_ERROR;
				CLANG_WARN_QUOTED_INCLUDE_IN_FRAMEWORK_HEADER = YES;
				CLANG_WARN_RANGE_LOOP_ANALYSIS = YES;
				CLANG_WARN_STRICT_PROTOTYPES = YES;
				CLANG_WARN_SUSPICIOUS_MOVE = YES;
				CLANG_WARN_UNGUARDED_AVAILABILITY = YES_AGGRESSIVE;
				CLANG_WARN_UNREACHABLE_CODE = YES;
				CLANG_WARN__DUPLICATE_METHOD_MATCH = YES;
				COPY_PHASE_STRIP = NO;
				DEBUG_INFORMATION_FORMAT = "dwarf-with-dsym";
				ENABLE_NS_ASSERTIONS = NO;
				ENABLE_STRICT_OBJC_MSGSEND = YES;
				GCC_C_LANGUAGE_STANDARD = gnu11;
				GCC_NO_COMMON_BLOCKS = YES;
				GCC_WARN_64_TO_32_BIT_CONVERSION = YES;
				GCC_WARN_ABOUT_RETURN_TYPE = YES_ERROR;
				GCC_WARN_UNDECLARED_SELECTOR = YES;
				GCC_WARN_UNINITIALIZED_AUTOS = YES_AGGRESSIVE;
				GCC_WARN_UNUSED_FUNCTION = YES;
				GCC_WARN_UNUSED_VARIABLE = YES;
				IPHONEOS_DEPLOYMENT_TARGET = 16.2;
				MTL_ENABLE_DEBUG_INFO = NO;
				MTL_FAST_MATH = YES;
				SDKROOT = iphoneos;
				SWIFT_COMPILATION_MODE = wholemodule;
				SWIFT_OPTIMIZATION_LEVEL = "-O";
				VALIDATE_PRODUCT = YES;
			};
			name = Release;
		};
		255B094E29D1E00F00A599E3 /* Debug */ = {
			isa = XCBuildConfiguration;
			baseConfigurationReference = C97637F7875392F8C2E603FF /* Pods-Tracker.debug.xcconfig */;
			buildSettings = {
				ASSETCATALOG_COMPILER_APPICON_NAME = AppIcon;
				ASSETCATALOG_COMPILER_GLOBAL_ACCENT_COLOR_NAME = "";
				CODE_SIGN_STYLE = Automatic;
				CURRENT_PROJECT_VERSION = 1;
				DEVELOPMENT_TEAM = DWMGJ928Y5;
				GENERATE_INFOPLIST_FILE = YES;
				INFOPLIST_FILE = Tracker/App/Info.plist;
				INFOPLIST_KEY_UIApplicationSupportsIndirectInputEvents = YES;
				INFOPLIST_KEY_UILaunchStoryboardName = LaunchScreen;
				INFOPLIST_KEY_UISupportedInterfaceOrientations = UIInterfaceOrientationPortrait;
				IPHONEOS_DEPLOYMENT_TARGET = 13.4;
				LD_RUNPATH_SEARCH_PATHS = (
					"$(inherited)",
					"@executable_path/Frameworks",
				);
				MARKETING_VERSION = 1.0;
				PRODUCT_BUNDLE_IDENTIFIER = ru.JuliDeveloper.Tracker;
				PRODUCT_NAME = "$(TARGET_NAME)";
				SUPPORTED_PLATFORMS = "iphoneos iphonesimulator";
				SUPPORTS_MACCATALYST = NO;
				SUPPORTS_MAC_DESIGNED_FOR_IPHONE_IPAD = NO;
				SWIFT_EMIT_LOC_STRINGS = YES;
				SWIFT_VERSION = 5.0;
				TARGETED_DEVICE_FAMILY = 1;
			};
			name = Debug;
		};
		255B094F29D1E00F00A599E3 /* Release */ = {
			isa = XCBuildConfiguration;
			baseConfigurationReference = AF8CB1000512CEB06DA53FC5 /* Pods-Tracker.release.xcconfig */;
			buildSettings = {
				ASSETCATALOG_COMPILER_APPICON_NAME = AppIcon;
				ASSETCATALOG_COMPILER_GLOBAL_ACCENT_COLOR_NAME = "";
				CODE_SIGN_STYLE = Automatic;
				CURRENT_PROJECT_VERSION = 1;
				DEVELOPMENT_TEAM = DWMGJ928Y5;
				GENERATE_INFOPLIST_FILE = YES;
				INFOPLIST_FILE = Tracker/App/Info.plist;
				INFOPLIST_KEY_UIApplicationSupportsIndirectInputEvents = YES;
				INFOPLIST_KEY_UILaunchStoryboardName = LaunchScreen;
				INFOPLIST_KEY_UISupportedInterfaceOrientations = UIInterfaceOrientationPortrait;
				IPHONEOS_DEPLOYMENT_TARGET = 13.4;
				LD_RUNPATH_SEARCH_PATHS = (
					"$(inherited)",
					"@executable_path/Frameworks",
				);
				MARKETING_VERSION = 1.0;
				PRODUCT_BUNDLE_IDENTIFIER = ru.JuliDeveloper.Tracker;
				PRODUCT_NAME = "$(TARGET_NAME)";
				SUPPORTED_PLATFORMS = "iphoneos iphonesimulator";
				SUPPORTS_MACCATALYST = NO;
				SUPPORTS_MAC_DESIGNED_FOR_IPHONE_IPAD = NO;
				SWIFT_EMIT_LOC_STRINGS = YES;
				SWIFT_VERSION = 5.0;
				TARGETED_DEVICE_FAMILY = 1;
			};
			name = Release;
		};
		25CC28F92A2BB947000E459B /* Debug */ = {
			isa = XCBuildConfiguration;
			baseConfigurationReference = 1A9587C657495B26F4E6F7EA /* Pods-TrackerTests.debug.xcconfig */;
			buildSettings = {
				BUNDLE_LOADER = "$(TEST_HOST)";
				CODE_SIGN_STYLE = Automatic;
				CURRENT_PROJECT_VERSION = 1;
				DEAD_CODE_STRIPPING = YES;
				DEVELOPMENT_TEAM = DWMGJ928Y5;
				GENERATE_INFOPLIST_FILE = YES;
				IPHONEOS_DEPLOYMENT_TARGET = 16.4;
				MACOSX_DEPLOYMENT_TARGET = 13.3;
				MARKETING_VERSION = 1.0;
				PRODUCT_BUNDLE_IDENTIFIER = ru.JuliDeveloper.TrackerTests;
				PRODUCT_NAME = "$(TARGET_NAME)";
				SDKROOT = auto;
				SUPPORTED_PLATFORMS = "iphoneos iphonesimulator macosx";
				SWIFT_EMIT_LOC_STRINGS = NO;
				SWIFT_VERSION = 5.0;
				TARGETED_DEVICE_FAMILY = "1,2";
				TEST_HOST = "$(BUILT_PRODUCTS_DIR)/Tracker.app/$(BUNDLE_EXECUTABLE_FOLDER_PATH)/Tracker";
			};
			name = Debug;
		};
		25CC28FA2A2BB947000E459B /* Release */ = {
			isa = XCBuildConfiguration;
			baseConfigurationReference = C50FF66C8EE50639D4980034 /* Pods-TrackerTests.release.xcconfig */;
			buildSettings = {
				BUNDLE_LOADER = "$(TEST_HOST)";
				CODE_SIGN_STYLE = Automatic;
				CURRENT_PROJECT_VERSION = 1;
				DEAD_CODE_STRIPPING = YES;
				DEVELOPMENT_TEAM = DWMGJ928Y5;
				GENERATE_INFOPLIST_FILE = YES;
				IPHONEOS_DEPLOYMENT_TARGET = 16.4;
				MACOSX_DEPLOYMENT_TARGET = 13.3;
				MARKETING_VERSION = 1.0;
				PRODUCT_BUNDLE_IDENTIFIER = ru.JuliDeveloper.TrackerTests;
				PRODUCT_NAME = "$(TARGET_NAME)";
				SDKROOT = auto;
				SUPPORTED_PLATFORMS = "iphoneos iphonesimulator macosx";
				SWIFT_EMIT_LOC_STRINGS = NO;
				SWIFT_VERSION = 5.0;
				TARGETED_DEVICE_FAMILY = "1,2";
				TEST_HOST = "$(BUILT_PRODUCTS_DIR)/Tracker.app/$(BUNDLE_EXECUTABLE_FOLDER_PATH)/Tracker";
			};
			name = Release;
		};
/* End XCBuildConfiguration section */

/* Begin XCConfigurationList section */
		255B093429D1E00E00A599E3 /* Build configuration list for PBXProject "Tracker" */ = {
			isa = XCConfigurationList;
			buildConfigurations = (
				255B094B29D1E00F00A599E3 /* Debug */,
				255B094C29D1E00F00A599E3 /* Release */,
			);
			defaultConfigurationIsVisible = 0;
			defaultConfigurationName = Release;
		};
		255B094D29D1E00F00A599E3 /* Build configuration list for PBXNativeTarget "Tracker" */ = {
			isa = XCConfigurationList;
			buildConfigurations = (
				255B094E29D1E00F00A599E3 /* Debug */,
				255B094F29D1E00F00A599E3 /* Release */,
			);
			defaultConfigurationIsVisible = 0;
			defaultConfigurationName = Release;
		};
		25CC28F82A2BB947000E459B /* Build configuration list for PBXNativeTarget "TrackerTests" */ = {
			isa = XCConfigurationList;
			buildConfigurations = (
				25CC28F92A2BB947000E459B /* Debug */,
				25CC28FA2A2BB947000E459B /* Release */,
			);
			defaultConfigurationIsVisible = 0;
			defaultConfigurationName = Release;
		};
/* End XCConfigurationList section */

/* Begin XCRemoteSwiftPackageReference section */
		25CC28FB2A2BB960000E459B /* XCRemoteSwiftPackageReference "swift-snapshot-testing" */ = {
			isa = XCRemoteSwiftPackageReference;
			repositoryURL = "https://github.com/pointfreeco/swift-snapshot-testing";
			requirement = {
				kind = upToNextMajorVersion;
				minimumVersion = 1.0.0;
			};
		};
/* End XCRemoteSwiftPackageReference section */

/* Begin XCSwiftPackageProductDependency section */
		25CC28FC2A2BB960000E459B /* SnapshotTesting */ = {
			isa = XCSwiftPackageProductDependency;
			package = 25CC28FB2A2BB960000E459B /* XCRemoteSwiftPackageReference "swift-snapshot-testing" */;
			productName = SnapshotTesting;
		};
/* End XCSwiftPackageProductDependency section */

/* Begin XCVersionGroup section */
		25411F8A29FA788B00B69950 /* Tracker.xcdatamodeld */ = {
			isa = XCVersionGroup;
			children = (
				25411F8B29FA788B00B69950 /* Tracker.xcdatamodel */,
			);
			currentVersion = 25411F8B29FA788B00B69950 /* Tracker.xcdatamodel */;
			path = Tracker.xcdatamodeld;
			sourceTree = "<group>";
			versionGroupType = wrapper.xcdatamodel;
		};
/* End XCVersionGroup section */
	};
	rootObject = 255B093129D1E00E00A599E3 /* Project object */;
}
