// !$*UTF8*$!
{
	archiveVersion = 1;
	classes = {
	};
	objectVersion = 56;
	objects = {

/* Begin PBXBuildFile section */
		255B093D29D1E00E00A599E3 /* AppDelegate.swift in Sources */ = {isa = PBXBuildFile; fileRef = 255B093C29D1E00E00A599E3 /* AppDelegate.swift */; };
		255B093F29D1E00E00A599E3 /* SceneDelegate.swift in Sources */ = {isa = PBXBuildFile; fileRef = 255B093E29D1E00E00A599E3 /* SceneDelegate.swift */; };
		255B094629D1E00F00A599E3 /* Assets.xcassets in Resources */ = {isa = PBXBuildFile; fileRef = 255B094529D1E00F00A599E3 /* Assets.xcassets */; };
		255B094929D1E00F00A599E3 /* LaunchScreen.storyboard in Resources */ = {isa = PBXBuildFile; fileRef = 255B094729D1E00F00A599E3 /* LaunchScreen.storyboard */; };
		255B095729D3307500A599E3 /* Extension + UIColor.swift in Sources */ = {isa = PBXBuildFile; fileRef = 255B095629D3307500A599E3 /* Extension + UIColor.swift */; };
		255B095E29D3391A00A599E3 /* TabBarController.swift in Sources */ = {isa = PBXBuildFile; fileRef = 255B095D29D3391A00A599E3 /* TabBarController.swift */; };
		255B096029D339F500A599E3 /* ListTrackersViewController.swift in Sources */ = {isa = PBXBuildFile; fileRef = 255B095F29D339F500A599E3 /* ListTrackersViewController.swift */; };
		255B096229D33B4900A599E3 /* StatisticsViewController.swift in Sources */ = {isa = PBXBuildFile; fileRef = 255B096129D33B4900A599E3 /* StatisticsViewController.swift */; };
		255B096529D3485800A599E3 /* YS Display-Bold.ttf in Resources */ = {isa = PBXBuildFile; fileRef = 255B095A29D3360900A599E3 /* YS Display-Bold.ttf */; };
		255B096629D3485B00A599E3 /* YS Display-Medium.ttf in Resources */ = {isa = PBXBuildFile; fileRef = 255B095929D3360900A599E3 /* YS Display-Medium.ttf */; };
		255B096829D34C5D00A599E3 /* Extension + UIFonts.swift in Sources */ = {isa = PBXBuildFile; fileRef = 255B096729D34C5D00A599E3 /* Extension + UIFonts.swift */; };
		255B096A29D4472C00A599E3 /* Constants.swift in Sources */ = {isa = PBXBuildFile; fileRef = 255B096929D4472C00A599E3 /* Constants.swift */; };
		255B096C29D4841200A599E3 /* TaskCell.swift in Sources */ = {isa = PBXBuildFile; fileRef = 255B096B29D4841200A599E3 /* TaskCell.swift */; };
		255B096E29D597B600A599E3 /* HeaderSectionView.swift in Sources */ = {isa = PBXBuildFile; fileRef = 255B096D29D597B600A599E3 /* HeaderSectionView.swift */; };
		255B097029D59F1500A599E3 /* GeometricParams.swift in Sources */ = {isa = PBXBuildFile; fileRef = 255B096F29D59F1500A599E3 /* GeometricParams.swift */; };
		255B097829D5BC7C00A599E3 /* CreateTrackerViewController.swift in Sources */ = {isa = PBXBuildFile; fileRef = 255B097729D5BC7C00A599E3 /* CreateTrackerViewController.swift */; };
		255B097A29D5BD1800A599E3 /* CustomButton.swift in Sources */ = {isa = PBXBuildFile; fileRef = 255B097929D5BD1800A599E3 /* CustomButton.swift */; };
		255B097D29D5C6B300A599E3 /* AddNewTrackerViewController.swift in Sources */ = {isa = PBXBuildFile; fileRef = 255B097C29D5C6B300A599E3 /* AddNewTrackerViewController.swift */; };
		255B098129D7186F00A599E3 /* TitleTrackerCell.swift in Sources */ = {isa = PBXBuildFile; fileRef = 255B098029D7186F00A599E3 /* TitleTrackerCell.swift */; };
		256E015A29D73E3400E2A413 /* FilterTableView.swift in Sources */ = {isa = PBXBuildFile; fileRef = 256E015929D73E3400E2A413 /* FilterTableView.swift */; };
		256E015C29D7557600E2A413 /* AddCategoryViewController.swift in Sources */ = {isa = PBXBuildFile; fileRef = 256E015B29D7557600E2A413 /* AddCategoryViewController.swift */; };
		256E015E29D7581D00E2A413 /* DefaultStackView.swift in Sources */ = {isa = PBXBuildFile; fileRef = 256E015D29D7581D00E2A413 /* DefaultStackView.swift */; };
		256E016129D77EAE00E2A413 /* TitleTrackerCellDelegate.swift in Sources */ = {isa = PBXBuildFile; fileRef = 256E016029D77EAE00E2A413 /* TitleTrackerCellDelegate.swift */; };
		256E016329D77EDA00E2A413 /* AddNewTrackerViewControllerDelegate.swift in Sources */ = {isa = PBXBuildFile; fileRef = 256E016229D77EDA00E2A413 /* AddNewTrackerViewControllerDelegate.swift */; };
/* End PBXBuildFile section */

/* Begin PBXFileReference section */
		255B093929D1E00E00A599E3 /* Tracker.app */ = {isa = PBXFileReference; explicitFileType = wrapper.application; includeInIndex = 0; path = Tracker.app; sourceTree = BUILT_PRODUCTS_DIR; };
		255B093C29D1E00E00A599E3 /* AppDelegate.swift */ = {isa = PBXFileReference; lastKnownFileType = sourcecode.swift; path = AppDelegate.swift; sourceTree = "<group>"; };
		255B093E29D1E00E00A599E3 /* SceneDelegate.swift */ = {isa = PBXFileReference; lastKnownFileType = sourcecode.swift; path = SceneDelegate.swift; sourceTree = "<group>"; };
		255B094529D1E00F00A599E3 /* Assets.xcassets */ = {isa = PBXFileReference; lastKnownFileType = folder.assetcatalog; path = Assets.xcassets; sourceTree = "<group>"; };
		255B094829D1E00F00A599E3 /* Base */ = {isa = PBXFileReference; lastKnownFileType = file.storyboard; name = Base; path = Base.lproj/LaunchScreen.storyboard; sourceTree = "<group>"; };
		255B094A29D1E00F00A599E3 /* Info.plist */ = {isa = PBXFileReference; lastKnownFileType = text.plist.xml; path = Info.plist; sourceTree = "<group>"; };
		255B095629D3307500A599E3 /* Extension + UIColor.swift */ = {isa = PBXFileReference; lastKnownFileType = sourcecode.swift; path = "Extension + UIColor.swift"; sourceTree = "<group>"; };
		255B095929D3360900A599E3 /* YS Display-Medium.ttf */ = {isa = PBXFileReference; lastKnownFileType = file; path = "YS Display-Medium.ttf"; sourceTree = "<group>"; };
		255B095A29D3360900A599E3 /* YS Display-Bold.ttf */ = {isa = PBXFileReference; lastKnownFileType = file; path = "YS Display-Bold.ttf"; sourceTree = "<group>"; };
		255B095D29D3391A00A599E3 /* TabBarController.swift */ = {isa = PBXFileReference; lastKnownFileType = sourcecode.swift; path = TabBarController.swift; sourceTree = "<group>"; };
		255B095F29D339F500A599E3 /* ListTrackersViewController.swift */ = {isa = PBXFileReference; lastKnownFileType = sourcecode.swift; path = ListTrackersViewController.swift; sourceTree = "<group>"; };
		255B096129D33B4900A599E3 /* StatisticsViewController.swift */ = {isa = PBXFileReference; lastKnownFileType = sourcecode.swift; path = StatisticsViewController.swift; sourceTree = "<group>"; };
		255B096729D34C5D00A599E3 /* Extension + UIFonts.swift */ = {isa = PBXFileReference; lastKnownFileType = sourcecode.swift; path = "Extension + UIFonts.swift"; sourceTree = "<group>"; };
		255B096929D4472C00A599E3 /* Constants.swift */ = {isa = PBXFileReference; lastKnownFileType = sourcecode.swift; path = Constants.swift; sourceTree = "<group>"; };
		255B096B29D4841200A599E3 /* TaskCell.swift */ = {isa = PBXFileReference; lastKnownFileType = sourcecode.swift; path = TaskCell.swift; sourceTree = "<group>"; };
		255B096D29D597B600A599E3 /* HeaderSectionView.swift */ = {isa = PBXFileReference; lastKnownFileType = sourcecode.swift; path = HeaderSectionView.swift; sourceTree = "<group>"; };
		255B096F29D59F1500A599E3 /* GeometricParams.swift */ = {isa = PBXFileReference; lastKnownFileType = sourcecode.swift; path = GeometricParams.swift; sourceTree = "<group>"; };
		255B097729D5BC7C00A599E3 /* CreateTrackerViewController.swift */ = {isa = PBXFileReference; lastKnownFileType = sourcecode.swift; path = CreateTrackerViewController.swift; sourceTree = "<group>"; };
		255B097929D5BD1800A599E3 /* CustomButton.swift */ = {isa = PBXFileReference; lastKnownFileType = sourcecode.swift; path = CustomButton.swift; sourceTree = "<group>"; };
		255B097C29D5C6B300A599E3 /* AddNewTrackerViewController.swift */ = {isa = PBXFileReference; lastKnownFileType = sourcecode.swift; path = AddNewTrackerViewController.swift; sourceTree = "<group>"; };
		255B098029D7186F00A599E3 /* TitleTrackerCell.swift */ = {isa = PBXFileReference; lastKnownFileType = sourcecode.swift; path = TitleTrackerCell.swift; sourceTree = "<group>"; };
		256E015929D73E3400E2A413 /* FilterTableView.swift */ = {isa = PBXFileReference; lastKnownFileType = sourcecode.swift; path = FilterTableView.swift; sourceTree = "<group>"; };
		256E015B29D7557600E2A413 /* AddCategoryViewController.swift */ = {isa = PBXFileReference; lastKnownFileType = sourcecode.swift; path = AddCategoryViewController.swift; sourceTree = "<group>"; };
		256E015D29D7581D00E2A413 /* DefaultStackView.swift */ = {isa = PBXFileReference; lastKnownFileType = sourcecode.swift; path = DefaultStackView.swift; sourceTree = "<group>"; };
		256E016029D77EAE00E2A413 /* TitleTrackerCellDelegate.swift */ = {isa = PBXFileReference; lastKnownFileType = sourcecode.swift; path = TitleTrackerCellDelegate.swift; sourceTree = "<group>"; };
		256E016229D77EDA00E2A413 /* AddNewTrackerViewControllerDelegate.swift */ = {isa = PBXFileReference; lastKnownFileType = sourcecode.swift; path = AddNewTrackerViewControllerDelegate.swift; sourceTree = "<group>"; };
/* End PBXFileReference section */

/* Begin PBXFrameworksBuildPhase section */
		255B093629D1E00E00A599E3 /* Frameworks */ = {
			isa = PBXFrameworksBuildPhase;
			buildActionMask = 2147483647;
			files = (
			);
			runOnlyForDeploymentPostprocessing = 0;
		};
/* End PBXFrameworksBuildPhase section */

/* Begin PBXGroup section */
		255B093029D1E00E00A599E3 = {
			isa = PBXGroup;
			children = (
				255B093B29D1E00E00A599E3 /* Tracker */,
				255B093A29D1E00E00A599E3 /* Products */,
			);
			sourceTree = "<group>";
		};
		255B093A29D1E00E00A599E3 /* Products */ = {
			isa = PBXGroup;
			children = (
				255B093929D1E00E00A599E3 /* Tracker.app */,
			);
			name = Products;
			sourceTree = "<group>";
		};
		255B093B29D1E00E00A599E3 /* Tracker */ = {
			isa = PBXGroup;
			children = (
				255B095129D1E4DE00A599E3 /* Presentations */,
				256E015F29D77E9700E2A413 /* Protocols */,
				255B095529D3305A00A599E3 /* Extensions */,
				255B095229D1E4EC00A599E3 /* Resources */,
				255B095029D1E4C200A599E3 /* App */,
			);
			path = Tracker;
			sourceTree = "<group>";
		};
		255B095029D1E4C200A599E3 /* App */ = {
			isa = PBXGroup;
			children = (
				255B093C29D1E00E00A599E3 /* AppDelegate.swift */,
				255B093E29D1E00E00A599E3 /* SceneDelegate.swift */,
				255B094A29D1E00F00A599E3 /* Info.plist */,
			);
			path = App;
			sourceTree = "<group>";
		};
		255B095129D1E4DE00A599E3 /* Presentations */ = {
			isa = PBXGroup;
			children = (
				255B097229D5A6CE00A599E3 /* Views */,
				255B097429D5A70B00A599E3 /* Start */,
				255B097129D5A6B500A599E3 /* ListTrackers */,
				255B097B29D5C33500A599E3 /* NewTracker */,
				255B097329D5A6F400A599E3 /* Statistics */,
			);
			path = Presentations;
			sourceTree = "<group>";
		};
		255B095229D1E4EC00A599E3 /* Resources */ = {
			isa = PBXGroup;
			children = (
				255B096929D4472C00A599E3 /* Constants.swift */,
				255B096F29D59F1500A599E3 /* GeometricParams.swift */,
				255B095829D3357900A599E3 /* Fonts */,
				255B094529D1E00F00A599E3 /* Assets.xcassets */,
			);
			path = Resources;
			sourceTree = "<group>";
		};
		255B095529D3305A00A599E3 /* Extensions */ = {
			isa = PBXGroup;
			children = (
				255B095629D3307500A599E3 /* Extension + UIColor.swift */,
				255B096729D34C5D00A599E3 /* Extension + UIFonts.swift */,
			);
			path = Extensions;
			sourceTree = "<group>";
		};
		255B095829D3357900A599E3 /* Fonts */ = {
			isa = PBXGroup;
			children = (
				255B095A29D3360900A599E3 /* YS Display-Bold.ttf */,
				255B095929D3360900A599E3 /* YS Display-Medium.ttf */,
			);
			path = Fonts;
			sourceTree = "<group>";
		};
		255B097129D5A6B500A599E3 /* ListTrackers */ = {
			isa = PBXGroup;
			children = (
				255B095F29D339F500A599E3 /* ListTrackersViewController.swift */,
			);
			path = ListTrackers;
			sourceTree = "<group>";
		};
		255B097229D5A6CE00A599E3 /* Views */ = {
			isa = PBXGroup;
			children = (
				255B096D29D597B600A599E3 /* HeaderSectionView.swift */,
				255B096B29D4841200A599E3 /* TaskCell.swift */,
				255B097929D5BD1800A599E3 /* CustomButton.swift */,
				255B098029D7186F00A599E3 /* TitleTrackerCell.swift */,
				256E015929D73E3400E2A413 /* FilterTableView.swift */,
				256E015D29D7581D00E2A413 /* DefaultStackView.swift */,
			);
			path = Views;
			sourceTree = "<group>";
		};
		255B097329D5A6F400A599E3 /* Statistics */ = {
			isa = PBXGroup;
			children = (
				255B096129D33B4900A599E3 /* StatisticsViewController.swift */,
			);
			path = Statistics;
			sourceTree = "<group>";
		};
		255B097429D5A70B00A599E3 /* Start */ = {
			isa = PBXGroup;
			children = (
				255B095D29D3391A00A599E3 /* TabBarController.swift */,
				255B094729D1E00F00A599E3 /* LaunchScreen.storyboard */,
			);
			path = Start;
			sourceTree = "<group>";
		};
		255B097B29D5C33500A599E3 /* NewTracker */ = {
			isa = PBXGroup;
			children = (
				255B097729D5BC7C00A599E3 /* CreateTrackerViewController.swift */,
				255B097C29D5C6B300A599E3 /* AddNewTrackerViewController.swift */,
				256E015B29D7557600E2A413 /* AddCategoryViewController.swift */,
			);
			path = NewTracker;
			sourceTree = "<group>";
		};
		256E015F29D77E9700E2A413 /* Protocols */ = {
			isa = PBXGroup;
			children = (
				256E016029D77EAE00E2A413 /* TitleTrackerCellDelegate.swift */,
				256E016229D77EDA00E2A413 /* AddNewTrackerViewControllerDelegate.swift */,
			);
			path = Protocols;
			sourceTree = "<group>";
		};
/* End PBXGroup section */

/* Begin PBXNativeTarget section */
		255B093829D1E00E00A599E3 /* Tracker */ = {
			isa = PBXNativeTarget;
			buildConfigurationList = 255B094D29D1E00F00A599E3 /* Build configuration list for PBXNativeTarget "Tracker" */;
			buildPhases = (
				255B093529D1E00E00A599E3 /* Sources */,
				255B093629D1E00E00A599E3 /* Frameworks */,
				255B093729D1E00E00A599E3 /* Resources */,
			);
			buildRules = (
			);
			dependencies = (
			);
			name = Tracker;
			productName = Tracker;
			productReference = 255B093929D1E00E00A599E3 /* Tracker.app */;
			productType = "com.apple.product-type.application";
		};
/* End PBXNativeTarget section */

/* Begin PBXProject section */
		255B093129D1E00E00A599E3 /* Project object */ = {
			isa = PBXProject;
			attributes = {
				BuildIndependentTargetsInParallel = 1;
				LastSwiftUpdateCheck = 1420;
				LastUpgradeCheck = 1420;
				TargetAttributes = {
					255B093829D1E00E00A599E3 = {
						CreatedOnToolsVersion = 14.2;
					};
				};
			};
			buildConfigurationList = 255B093429D1E00E00A599E3 /* Build configuration list for PBXProject "Tracker" */;
			compatibilityVersion = "Xcode 14.0";
			developmentRegion = en;
			hasScannedForEncodings = 0;
			knownRegions = (
				en,
				Base,
			);
			mainGroup = 255B093029D1E00E00A599E3;
			productRefGroup = 255B093A29D1E00E00A599E3 /* Products */;
			projectDirPath = "";
			projectRoot = "";
			targets = (
				255B093829D1E00E00A599E3 /* Tracker */,
			);
		};
/* End PBXProject section */

/* Begin PBXResourcesBuildPhase section */
		255B093729D1E00E00A599E3 /* Resources */ = {
			isa = PBXResourcesBuildPhase;
			buildActionMask = 2147483647;
			files = (
				255B094929D1E00F00A599E3 /* LaunchScreen.storyboard in Resources */,
				255B096629D3485B00A599E3 /* YS Display-Medium.ttf in Resources */,
				255B094629D1E00F00A599E3 /* Assets.xcassets in Resources */,
				255B096529D3485800A599E3 /* YS Display-Bold.ttf in Resources */,
			);
			runOnlyForDeploymentPostprocessing = 0;
		};
/* End PBXResourcesBuildPhase section */

/* Begin PBXSourcesBuildPhase section */
		255B093529D1E00E00A599E3 /* Sources */ = {
			isa = PBXSourcesBuildPhase;
			buildActionMask = 2147483647;
			files = (
				255B097A29D5BD1800A599E3 /* CustomButton.swift in Sources */,
				255B096829D34C5D00A599E3 /* Extension + UIFonts.swift in Sources */,
				255B095729D3307500A599E3 /* Extension + UIColor.swift in Sources */,
				255B093D29D1E00E00A599E3 /* AppDelegate.swift in Sources */,
				255B095E29D3391A00A599E3 /* TabBarController.swift in Sources */,
				255B096229D33B4900A599E3 /* StatisticsViewController.swift in Sources */,
				255B096029D339F500A599E3 /* ListTrackersViewController.swift in Sources */,
				255B093F29D1E00E00A599E3 /* SceneDelegate.swift in Sources */,
				255B096C29D4841200A599E3 /* TaskCell.swift in Sources */,
				256E015E29D7581D00E2A413 /* DefaultStackView.swift in Sources */,
				256E015A29D73E3400E2A413 /* FilterTableView.swift in Sources */,
				255B098129D7186F00A599E3 /* TitleTrackerCell.swift in Sources */,
				255B096A29D4472C00A599E3 /* Constants.swift in Sources */,
				256E016329D77EDA00E2A413 /* AddNewTrackerViewControllerDelegate.swift in Sources */,
				255B096E29D597B600A599E3 /* HeaderSectionView.swift in Sources */,
				256E016129D77EAE00E2A413 /* TitleTrackerCellDelegate.swift in Sources */,
				256E015C29D7557600E2A413 /* AddCategoryViewController.swift in Sources */,
				255B097829D5BC7C00A599E3 /* CreateTrackerViewController.swift in Sources */,
				255B097D29D5C6B300A599E3 /* AddNewTrackerViewController.swift in Sources */,
				255B097029D59F1500A599E3 /* GeometricParams.swift in Sources */,
			);
			runOnlyForDeploymentPostprocessing = 0;
		};
/* End PBXSourcesBuildPhase section */

/* Begin PBXVariantGroup section */
		255B094729D1E00F00A599E3 /* LaunchScreen.storyboard */ = {
			isa = PBXVariantGroup;
			children = (
				255B094829D1E00F00A599E3 /* Base */,
			);
			name = LaunchScreen.storyboard;
			sourceTree = "<group>";
		};
/* End PBXVariantGroup section */

/* Begin XCBuildConfiguration section */
		255B094B29D1E00F00A599E3 /* Debug */ = {
			isa = XCBuildConfiguration;
			buildSettings = {
				ALWAYS_SEARCH_USER_PATHS = NO;
				CLANG_ANALYZER_NONNULL = YES;
				CLANG_ANALYZER_NUMBER_OBJECT_CONVERSION = YES_AGGRESSIVE;
				CLANG_CXX_LANGUAGE_STANDARD = "gnu++20";
				CLANG_ENABLE_MODULES = YES;
				CLANG_ENABLE_OBJC_ARC = YES;
				CLANG_ENABLE_OBJC_WEAK = YES;
				CLANG_WARN_BLOCK_CAPTURE_AUTORELEASING = YES;
				CLANG_WARN_BOOL_CONVERSION = YES;
				CLANG_WARN_COMMA = YES;
				CLANG_WARN_CONSTANT_CONVERSION = YES;
				CLANG_WARN_DEPRECATED_OBJC_IMPLEMENTATIONS = YES;
				CLANG_WARN_DIRECT_OBJC_ISA_USAGE = YES_ERROR;
				CLANG_WARN_DOCUMENTATION_COMMENTS = YES;
				CLANG_WARN_EMPTY_BODY = YES;
				CLANG_WARN_ENUM_CONVERSION = YES;
				CLANG_WARN_INFINITE_RECURSION = YES;
				CLANG_WARN_INT_CONVERSION = YES;
				CLANG_WARN_NON_LITERAL_NULL_CONVERSION = YES;
				CLANG_WARN_OBJC_IMPLICIT_RETAIN_SELF = YES;
				CLANG_WARN_OBJC_LITERAL_CONVERSION = YES;
				CLANG_WARN_OBJC_ROOT_CLASS = YES_ERROR;
				CLANG_WARN_QUOTED_INCLUDE_IN_FRAMEWORK_HEADER = YES;
				CLANG_WARN_RANGE_LOOP_ANALYSIS = YES;
				CLANG_WARN_STRICT_PROTOTYPES = YES;
				CLANG_WARN_SUSPICIOUS_MOVE = YES;
				CLANG_WARN_UNGUARDED_AVAILABILITY = YES_AGGRESSIVE;
				CLANG_WARN_UNREACHABLE_CODE = YES;
				CLANG_WARN__DUPLICATE_METHOD_MATCH = YES;
				COPY_PHASE_STRIP = NO;
				DEBUG_INFORMATION_FORMAT = dwarf;
				ENABLE_STRICT_OBJC_MSGSEND = YES;
				ENABLE_TESTABILITY = YES;
				GCC_C_LANGUAGE_STANDARD = gnu11;
				GCC_DYNAMIC_NO_PIC = NO;
				GCC_NO_COMMON_BLOCKS = YES;
				GCC_OPTIMIZATION_LEVEL = 0;
				GCC_PREPROCESSOR_DEFINITIONS = (
					"DEBUG=1",
					"$(inherited)",
				);
				GCC_WARN_64_TO_32_BIT_CONVERSION = YES;
				GCC_WARN_ABOUT_RETURN_TYPE = YES_ERROR;
				GCC_WARN_UNDECLARED_SELECTOR = YES;
				GCC_WARN_UNINITIALIZED_AUTOS = YES_AGGRESSIVE;
				GCC_WARN_UNUSED_FUNCTION = YES;
				GCC_WARN_UNUSED_VARIABLE = YES;
				IPHONEOS_DEPLOYMENT_TARGET = 16.2;
				MTL_ENABLE_DEBUG_INFO = INCLUDE_SOURCE;
				MTL_FAST_MATH = YES;
				ONLY_ACTIVE_ARCH = YES;
				SDKROOT = iphoneos;
				SWIFT_ACTIVE_COMPILATION_CONDITIONS = DEBUG;
				SWIFT_OPTIMIZATION_LEVEL = "-Onone";
			};
			name = Debug;
		};
		255B094C29D1E00F00A599E3 /* Release */ = {
			isa = XCBuildConfiguration;
			buildSettings = {
				ALWAYS_SEARCH_USER_PATHS = NO;
				CLANG_ANALYZER_NONNULL = YES;
				CLANG_ANALYZER_NUMBER_OBJECT_CONVERSION = YES_AGGRESSIVE;
				CLANG_CXX_LANGUAGE_STANDARD = "gnu++20";
				CLANG_ENABLE_MODULES = YES;
				CLANG_ENABLE_OBJC_ARC = YES;
				CLANG_ENABLE_OBJC_WEAK = YES;
				CLANG_WARN_BLOCK_CAPTURE_AUTORELEASING = YES;
				CLANG_WARN_BOOL_CONVERSION = YES;
				CLANG_WARN_COMMA = YES;
				CLANG_WARN_CONSTANT_CONVERSION = YES;
				CLANG_WARN_DEPRECATED_OBJC_IMPLEMENTATIONS = YES;
				CLANG_WARN_DIRECT_OBJC_ISA_USAGE = YES_ERROR;
				CLANG_WARN_DOCUMENTATION_COMMENTS = YES;
				CLANG_WARN_EMPTY_BODY = YES;
				CLANG_WARN_ENUM_CONVERSION = YES;
				CLANG_WARN_INFINITE_RECURSION = YES;
				CLANG_WARN_INT_CONVERSION = YES;
				CLANG_WARN_NON_LITERAL_NULL_CONVERSION = YES;
				CLANG_WARN_OBJC_IMPLICIT_RETAIN_SELF = YES;
				CLANG_WARN_OBJC_LITERAL_CONVERSION = YES;
				CLANG_WARN_OBJC_ROOT_CLASS = YES_ERROR;
				CLANG_WARN_QUOTED_INCLUDE_IN_FRAMEWORK_HEADER = YES;
				CLANG_WARN_RANGE_LOOP_ANALYSIS = YES;
				CLANG_WARN_STRICT_PROTOTYPES = YES;
				CLANG_WARN_SUSPICIOUS_MOVE = YES;
				CLANG_WARN_UNGUARDED_AVAILABILITY = YES_AGGRESSIVE;
				CLANG_WARN_UNREACHABLE_CODE = YES;
				CLANG_WARN__DUPLICATE_METHOD_MATCH = YES;
				COPY_PHASE_STRIP = NO;
				DEBUG_INFORMATION_FORMAT = "dwarf-with-dsym";
				ENABLE_NS_ASSERTIONS = NO;
				ENABLE_STRICT_OBJC_MSGSEND = YES;
				GCC_C_LANGUAGE_STANDARD = gnu11;
				GCC_NO_COMMON_BLOCKS = YES;
				GCC_WARN_64_TO_32_BIT_CONVERSION = YES;
				GCC_WARN_ABOUT_RETURN_TYPE = YES_ERROR;
				GCC_WARN_UNDECLARED_SELECTOR = YES;
				GCC_WARN_UNINITIALIZED_AUTOS = YES_AGGRESSIVE;
				GCC_WARN_UNUSED_FUNCTION = YES;
				GCC_WARN_UNUSED_VARIABLE = YES;
				IPHONEOS_DEPLOYMENT_TARGET = 16.2;
				MTL_ENABLE_DEBUG_INFO = NO;
				MTL_FAST_MATH = YES;
				SDKROOT = iphoneos;
				SWIFT_COMPILATION_MODE = wholemodule;
				SWIFT_OPTIMIZATION_LEVEL = "-O";
				VALIDATE_PRODUCT = YES;
			};
			name = Release;
		};
		255B094E29D1E00F00A599E3 /* Debug */ = {
			isa = XCBuildConfiguration;
			buildSettings = {
				ASSETCATALOG_COMPILER_APPICON_NAME = AppIcon;
				ASSETCATALOG_COMPILER_GLOBAL_ACCENT_COLOR_NAME = "";
				CODE_SIGN_STYLE = Automatic;
				CURRENT_PROJECT_VERSION = 1;
				DEVELOPMENT_TEAM = DWMGJ928Y5;
				GENERATE_INFOPLIST_FILE = YES;
				INFOPLIST_FILE = Tracker/App/Info.plist;
				INFOPLIST_KEY_UIApplicationSupportsIndirectInputEvents = YES;
				INFOPLIST_KEY_UILaunchStoryboardName = LaunchScreen;
				INFOPLIST_KEY_UISupportedInterfaceOrientations = UIInterfaceOrientationPortrait;
				IPHONEOS_DEPLOYMENT_TARGET = 13.4;
				LD_RUNPATH_SEARCH_PATHS = (
					"$(inherited)",
					"@executable_path/Frameworks",
				);
				MARKETING_VERSION = 1.0;
				PRODUCT_BUNDLE_IDENTIFIER = ru.JuliDeveloper.Tracker;
				PRODUCT_NAME = "$(TARGET_NAME)";
				SUPPORTED_PLATFORMS = "iphoneos iphonesimulator";
				SUPPORTS_MACCATALYST = NO;
				SUPPORTS_MAC_DESIGNED_FOR_IPHONE_IPAD = NO;
				SWIFT_EMIT_LOC_STRINGS = YES;
				SWIFT_VERSION = 5.0;
				TARGETED_DEVICE_FAMILY = 1;
			};
			name = Debug;
		};
		255B094F29D1E00F00A599E3 /* Release */ = {
			isa = XCBuildConfiguration;
			buildSettings = {
				ASSETCATALOG_COMPILER_APPICON_NAME = AppIcon;
				ASSETCATALOG_COMPILER_GLOBAL_ACCENT_COLOR_NAME = "";
				CODE_SIGN_STYLE = Automatic;
				CURRENT_PROJECT_VERSION = 1;
				DEVELOPMENT_TEAM = DWMGJ928Y5;
				GENERATE_INFOPLIST_FILE = YES;
				INFOPLIST_FILE = Tracker/App/Info.plist;
				INFOPLIST_KEY_UIApplicationSupportsIndirectInputEvents = YES;
				INFOPLIST_KEY_UILaunchStoryboardName = LaunchScreen;
				INFOPLIST_KEY_UISupportedInterfaceOrientations = UIInterfaceOrientationPortrait;
				IPHONEOS_DEPLOYMENT_TARGET = 13.4;
				LD_RUNPATH_SEARCH_PATHS = (
					"$(inherited)",
					"@executable_path/Frameworks",
				);
				MARKETING_VERSION = 1.0;
				PRODUCT_BUNDLE_IDENTIFIER = ru.JuliDeveloper.Tracker;
				PRODUCT_NAME = "$(TARGET_NAME)";
				SUPPORTED_PLATFORMS = "iphoneos iphonesimulator";
				SUPPORTS_MACCATALYST = NO;
				SUPPORTS_MAC_DESIGNED_FOR_IPHONE_IPAD = NO;
				SWIFT_EMIT_LOC_STRINGS = YES;
				SWIFT_VERSION = 5.0;
				TARGETED_DEVICE_FAMILY = 1;
			};
			name = Release;
		};
/* End XCBuildConfiguration section */

/* Begin XCConfigurationList section */
		255B093429D1E00E00A599E3 /* Build configuration list for PBXProject "Tracker" */ = {
			isa = XCConfigurationList;
			buildConfigurations = (
				255B094B29D1E00F00A599E3 /* Debug */,
				255B094C29D1E00F00A599E3 /* Release */,
			);
			defaultConfigurationIsVisible = 0;
			defaultConfigurationName = Release;
		};
		255B094D29D1E00F00A599E3 /* Build configuration list for PBXNativeTarget "Tracker" */ = {
			isa = XCConfigurationList;
			buildConfigurations = (
				255B094E29D1E00F00A599E3 /* Debug */,
				255B094F29D1E00F00A599E3 /* Release */,
			);
			defaultConfigurationIsVisible = 0;
			defaultConfigurationName = Release;
		};
/* End XCConfigurationList section */
	};
	rootObject = 255B093129D1E00E00A599E3 /* Project object */;
}
